// !$*UTF8*$!
{
	archiveVersion = 1;
	classes = {
	};
	objectVersion = 46;
	objects = {

/* Begin PBXBuildFile section */
		366EE6841D5044E3008B6E98 /* AppDelegate.swift in Sources */ = {isa = PBXBuildFile; fileRef = 366EE6831D5044E3008B6E98 /* AppDelegate.swift */; };
		366EE6861D5044E3008B6E98 /* ViewController.swift in Sources */ = {isa = PBXBuildFile; fileRef = 366EE6851D5044E3008B6E98 /* ViewController.swift */; };
		366EE6891D5044E3008B6E98 /* Main.storyboard in Resources */ = {isa = PBXBuildFile; fileRef = 366EE6871D5044E3008B6E98 /* Main.storyboard */; };
		366EE68B1D5044E3008B6E98 /* Assets.xcassets in Resources */ = {isa = PBXBuildFile; fileRef = 366EE68A1D5044E3008B6E98 /* Assets.xcassets */; };
		366EE68E1D5044E3008B6E98 /* LaunchScreen.storyboard in Resources */ = {isa = PBXBuildFile; fileRef = 366EE68C1D5044E3008B6E98 /* LaunchScreen.storyboard */; };
		366EE6991D5044E3008B6E98 /* ClickCounterTests.swift in Sources */ = {isa = PBXBuildFile; fileRef = 366EE6981D5044E3008B6E98 /* ClickCounterTests.swift */; };
		366EE6A41D5044E3008B6E98 /* ClickCounterUITests.swift in Sources */ = {isa = PBXBuildFile; fileRef = 366EE6A31D5044E3008B6E98 /* ClickCounterUITests.swift */; };
/* End PBXBuildFile section */

/* Begin PBXContainerItemProxy section */
		366EE6951D5044E3008B6E98 /* PBXContainerItemProxy */ = {
			isa = PBXContainerItemProxy;
			containerPortal = 366EE6781D5044E3008B6E98 /* Project object */;
			proxyType = 1;
			remoteGlobalIDString = 366EE67F1D5044E3008B6E98;
			remoteInfo = ClickCounter;
		};
		366EE6A01D5044E3008B6E98 /* PBXContainerItemProxy */ = {
			isa = PBXContainerItemProxy;
			containerPortal = 366EE6781D5044E3008B6E98 /* Project object */;
			proxyType = 1;
			remoteGlobalIDString = 366EE67F1D5044E3008B6E98;
			remoteInfo = ClickCounter;
		};
/* End PBXContainerItemProxy section */

/* Begin PBXFileReference section */
		366EE6801D5044E3008B6E98 /* ClickCounter.app */ = {isa = PBXFileReference; explicitFileType = wrapper.application; includeInIndex = 0; path = ClickCounter.app; sourceTree = BUILT_PRODUCTS_DIR; };
		366EE6831D5044E3008B6E98 /* AppDelegate.swift */ = {isa = PBXFileReference; lastKnownFileType = sourcecode.swift; path = AppDelegate.swift; sourceTree = "<group>"; };
		366EE6851D5044E3008B6E98 /* ViewController.swift */ = {isa = PBXFileReference; lastKnownFileType = sourcecode.swift; path = ViewController.swift; sourceTree = "<group>"; };
		366EE6881D5044E3008B6E98 /* Base */ = {isa = PBXFileReference; lastKnownFileType = file.storyboard; name = Base; path = Base.lproj/Main.storyboard; sourceTree = "<group>"; };
		366EE68A1D5044E3008B6E98 /* Assets.xcassets */ = {isa = PBXFileReference; lastKnownFileType = folder.assetcatalog; path = Assets.xcassets; sourceTree = "<group>"; };
		366EE68D1D5044E3008B6E98 /* Base */ = {isa = PBXFileReference; lastKnownFileType = file.storyboard; name = Base; path = Base.lproj/LaunchScreen.storyboard; sourceTree = "<group>"; };
		366EE68F1D5044E3008B6E98 /* Info.plist */ = {isa = PBXFileReference; lastKnownFileType = text.plist.xml; path = Info.plist; sourceTree = "<group>"; };
		366EE6941D5044E3008B6E98 /* ClickCounterTests.xctest */ = {isa = PBXFileReference; explicitFileType = wrapper.cfbundle; includeInIndex = 0; path = ClickCounterTests.xctest; sourceTree = BUILT_PRODUCTS_DIR; };
		366EE6981D5044E3008B6E98 /* ClickCounterTests.swift */ = {isa = PBXFileReference; lastKnownFileType = sourcecode.swift; path = ClickCounterTests.swift; sourceTree = "<group>"; };
		366EE69A1D5044E3008B6E98 /* Info.plist */ = {isa = PBXFileReference; lastKnownFileType = text.plist.xml; path = Info.plist; sourceTree = "<group>"; };
		366EE69F1D5044E3008B6E98 /* ClickCounterUITests.xctest */ = {isa = PBXFileReference; explicitFileType = wrapper.cfbundle; includeInIndex = 0; path = ClickCounterUITests.xctest; sourceTree = BUILT_PRODUCTS_DIR; };
		366EE6A31D5044E3008B6E98 /* ClickCounterUITests.swift */ = {isa = PBXFileReference; lastKnownFileType = sourcecode.swift; path = ClickCounterUITests.swift; sourceTree = "<group>"; };
		366EE6A51D5044E3008B6E98 /* Info.plist */ = {isa = PBXFileReference; lastKnownFileType = text.plist.xml; path = Info.plist; sourceTree = "<group>"; };
/* End PBXFileReference section */

/* Begin PBXFrameworksBuildPhase section */
		366EE67D1D5044E3008B6E98 /* Frameworks */ = {
			isa = PBXFrameworksBuildPhase;
			buildActionMask = 2147483647;
			files = (
			);
			runOnlyForDeploymentPostprocessing = 0;
		};
		366EE6911D5044E3008B6E98 /* Frameworks */ = {
			isa = PBXFrameworksBuildPhase;
			buildActionMask = 2147483647;
			files = (
			);
			runOnlyForDeploymentPostprocessing = 0;
		};
		366EE69C1D5044E3008B6E98 /* Frameworks */ = {
			isa = PBXFrameworksBuildPhase;
			buildActionMask = 2147483647;
			files = (
			);
			runOnlyForDeploymentPostprocessing = 0;
		};
/* End PBXFrameworksBuildPhase section */

/* Begin PBXGroup section */
		366EE6771D5044E3008B6E98 = {
			isa = PBXGroup;
			children = (
				366EE6821D5044E3008B6E98 /* ClickCounter */,
				366EE6971D5044E3008B6E98 /* ClickCounterTests */,
				366EE6A21D5044E3008B6E98 /* ClickCounterUITests */,
				366EE6811D5044E3008B6E98 /* Products */,
			);
			sourceTree = "<group>";
		};
		366EE6811D5044E3008B6E98 /* Products */ = {
			isa = PBXGroup;
			children = (
				366EE6801D5044E3008B6E98 /* ClickCounter.app */,
				366EE6941D5044E3008B6E98 /* ClickCounterTests.xctest */,
				366EE69F1D5044E3008B6E98 /* ClickCounterUITests.xctest */,
			);
			name = Products;
			sourceTree = "<group>";
		};
		366EE6821D5044E3008B6E98 /* ClickCounter */ = {
			isa = PBXGroup;
			children = (
				366EE6831D5044E3008B6E98 /* AppDelegate.swift */,
				366EE6851D5044E3008B6E98 /* ViewController.swift */,
				366EE6871D5044E3008B6E98 /* Main.storyboard */,
				366EE68A1D5044E3008B6E98 /* Assets.xcassets */,
				366EE68C1D5044E3008B6E98 /* LaunchScreen.storyboard */,
				366EE68F1D5044E3008B6E98 /* Info.plist */,
			);
			path = ClickCounter;
			sourceTree = "<group>";
		};
		366EE6971D5044E3008B6E98 /* ClickCounterTests */ = {
			isa = PBXGroup;
			children = (
				366EE6981D5044E3008B6E98 /* ClickCounterTests.swift */,
				366EE69A1D5044E3008B6E98 /* Info.plist */,
			);
			path = ClickCounterTests;
			sourceTree = "<group>";
		};
		366EE6A21D5044E3008B6E98 /* ClickCounterUITests */ = {
			isa = PBXGroup;
			children = (
				366EE6A31D5044E3008B6E98 /* ClickCounterUITests.swift */,
				366EE6A51D5044E3008B6E98 /* Info.plist */,
			);
			path = ClickCounterUITests;
			sourceTree = "<group>";
		};
/* End PBXGroup section */

/* Begin PBXNativeTarget section */
		366EE67F1D5044E3008B6E98 /* ClickCounter */ = {
			isa = PBXNativeTarget;
			buildConfigurationList = 366EE6A81D5044E3008B6E98 /* Build configuration list for PBXNativeTarget "ClickCounter" */;
			buildPhases = (
				366EE67C1D5044E3008B6E98 /* Sources */,
				366EE67D1D5044E3008B6E98 /* Frameworks */,
				366EE67E1D5044E3008B6E98 /* Resources */,
			);
			buildRules = (
			);
			dependencies = (
			);
			name = ClickCounter;
			productName = ClickCounter;
			productReference = 366EE6801D5044E3008B6E98 /* ClickCounter.app */;
			productType = "com.apple.product-type.application";
		};
		366EE6931D5044E3008B6E98 /* ClickCounterTests */ = {
			isa = PBXNativeTarget;
			buildConfigurationList = 366EE6AB1D5044E3008B6E98 /* Build configuration list for PBXNativeTarget "ClickCounterTests" */;
			buildPhases = (
				366EE6901D5044E3008B6E98 /* Sources */,
				366EE6911D5044E3008B6E98 /* Frameworks */,
				366EE6921D5044E3008B6E98 /* Resources */,
			);
			buildRules = (
			);
			dependencies = (
				366EE6961D5044E3008B6E98 /* PBXTargetDependency */,
			);
			name = ClickCounterTests;
			productName = ClickCounterTests;
			productReference = 366EE6941D5044E3008B6E98 /* ClickCounterTests.xctest */;
			productType = "com.apple.product-type.bundle.unit-test";
		};
		366EE69E1D5044E3008B6E98 /* ClickCounterUITests */ = {
			isa = PBXNativeTarget;
			buildConfigurationList = 366EE6AE1D5044E3008B6E98 /* Build configuration list for PBXNativeTarget "ClickCounterUITests" */;
			buildPhases = (
				366EE69B1D5044E3008B6E98 /* Sources */,
				366EE69C1D5044E3008B6E98 /* Frameworks */,
				366EE69D1D5044E3008B6E98 /* Resources */,
			);
			buildRules = (
			);
			dependencies = (
				366EE6A11D5044E3008B6E98 /* PBXTargetDependency */,
			);
			name = ClickCounterUITests;
			productName = ClickCounterUITests;
			productReference = 366EE69F1D5044E3008B6E98 /* ClickCounterUITests.xctest */;
			productType = "com.apple.product-type.bundle.ui-testing";
		};
/* End PBXNativeTarget section */

/* Begin PBXProject section */
		366EE6781D5044E3008B6E98 /* Project object */ = {
			isa = PBXProject;
			attributes = {
				LastSwiftUpdateCheck = 0730;
				LastUpgradeCheck = 0730;
				ORGANIZATIONNAME = "Snehal Sutar";
				TargetAttributes = {
					366EE67F1D5044E3008B6E98 = {
						CreatedOnToolsVersion = 7.3.1;
					};
					366EE6931D5044E3008B6E98 = {
						CreatedOnToolsVersion = 7.3.1;
						TestTargetID = 366EE67F1D5044E3008B6E98;
					};
					366EE69E1D5044E3008B6E98 = {
						CreatedOnToolsVersion = 7.3.1;
						TestTargetID = 366EE67F1D5044E3008B6E98;
					};
				};
			};
			buildConfigurationList = 366EE67B1D5044E3008B6E98 /* Build configuration list for PBXProject "ClickCounter" */;
			compatibilityVersion = "Xcode 3.2";
			developmentRegion = English;
			hasScannedForEncodings = 0;
			knownRegions = (
				en,
				Base,
			);
			mainGroup = 366EE6771D5044E3008B6E98;
			productRefGroup = 366EE6811D5044E3008B6E98 /* Products */;
			projectDirPath = "";
			projectRoot = "";
			targets = (
				366EE67F1D5044E3008B6E98 /* ClickCounter */,
				366EE6931D5044E3008B6E98 /* ClickCounterTests */,
				366EE69E1D5044E3008B6E98 /* ClickCounterUITests */,
			);
		};
/* End PBXProject section */

/* Begin PBXResourcesBuildPhase section */
		366EE67E1D5044E3008B6E98 /* Resources */ = {
			isa = PBXResourcesBuildPhase;
			buildActionMask = 2147483647;
			files = (
				366EE68E1D5044E3008B6E98 /* LaunchScreen.storyboard in Resources */,
				366EE68B1D5044E3008B6E98 /* Assets.xcassets in Resources */,
				366EE6891D5044E3008B6E98 /* Main.storyboard in Resources */,
			);
			runOnlyForDeploymentPostprocessing = 0;
		};
		366EE6921D5044E3008B6E98 /* Resources */ = {
			isa = PBXResourcesBuildPhase;
			buildActionMask = 2147483647;
			files = (
			);
			runOnlyForDeploymentPostprocessing = 0;
		};
		366EE69D1D5044E3008B6E98 /* Resources */ = {
			isa = PBXResourcesBuildPhase;
			buildActionMask = 2147483647;
			files = (
			);
			runOnlyForDeploymentPostprocessing = 0;
		};
/* End PBXResourcesBuildPhase section */

/* Begin PBXSourcesBuildPhase section */
		366EE67C1D5044E3008B6E98 /* Sources */ = {
			isa = PBXSourcesBuildPhase;
			buildActionMask = 2147483647;
			files = (
				366EE6861D5044E3008B6E98 /* ViewController.swift in Sources */,
				366EE6841D5044E3008B6E98 /* AppDelegate.swift in Sources */,
			);
			runOnlyForDeploymentPostprocessing = 0;
		};
		366EE6901D5044E3008B6E98 /* Sources */ = {
			isa = PBXSourcesBuildPhase;
			buildActionMask = 2147483647;
			files = (
				366EE6991D5044E3008B6E98 /* ClickCounterTests.swift in Sources */,
			);
			runOnlyForDeploymentPostprocessing = 0;
		};
		366EE69B1D5044E3008B6E98 /* Sources */ = {
			isa = PBXSourcesBuildPhase;
			buildActionMask = 2147483647;
			files = (
				366EE6A41D5044E3008B6E98 /* ClickCounterUITests.swift in Sources */,
			);
			runOnlyForDeploymentPostprocessing = 0;
		};
/* End PBXSourcesBuildPhase section */

/* Begin PBXTargetDependency section */
		366EE6961D5044E3008B6E98 /* PBXTargetDependency */ = {
			isa = PBXTargetDependency;
			target = 366EE67F1D5044E3008B6E98 /* ClickCounter */;
			targetProxy = 366EE6951D5044E3008B6E98 /* PBXContainerItemProxy */;
		};
		366EE6A11D5044E3008B6E98 /* PBXTargetDependency */ = {
			isa = PBXTargetDependency;
			target = 366EE67F1D5044E3008B6E98 /* ClickCounter */;
			targetProxy = 366EE6A01D5044E3008B6E98 /* PBXContainerItemProxy */;
		};
/* End PBXTargetDependency section */

/* Begin PBXVariantGroup section */
		366EE6871D5044E3008B6E98 /* Main.storyboard */ = {
			isa = PBXVariantGroup;
			children = (
				366EE6881D5044E3008B6E98 /* Base */,
			);
			name = Main.storyboard;
			sourceTree = "<group>";
		};
		366EE68C1D5044E3008B6E98 /* LaunchScreen.storyboard */ = {
			isa = PBXVariantGroup;
			children = (
				366EE68D1D5044E3008B6E98 /* Base */,
			);
			name = LaunchScreen.storyboard;
			sourceTree = "<group>";
		};
/* End PBXVariantGroup section */

/* Begin XCBuildConfiguration section */
		366EE6A61D5044E3008B6E98 /* Debug */ = {
			isa = XCBuildConfiguration;
			buildSettings = {
				ALWAYS_SEARCH_USER_PATHS = NO;
				CLANG_ANALYZER_NONNULL = YES;
				CLANG_CXX_LANGUAGE_STANDARD = "gnu++0x";
				CLANG_CXX_LIBRARY = "libc++";
				CLANG_ENABLE_MODULES = YES;
				CLANG_ENABLE_OBJC_ARC = YES;
				CLANG_WARN_BOOL_CONVERSION = YES;
				CLANG_WARN_CONSTANT_CONVERSION = YES;
				CLANG_WARN_DIRECT_OBJC_ISA_USAGE = YES_ERROR;
				CLANG_WARN_EMPTY_BODY = YES;
				CLANG_WARN_ENUM_CONVERSION = YES;
				CLANG_WARN_INT_CONVERSION = YES;
				CLANG_WARN_OBJC_ROOT_CLASS = YES_ERROR;
				CLANG_WARN_UNREACHABLE_CODE = YES;
				CLANG_WARN__DUPLICATE_METHOD_MATCH = YES;
				"CODE_SIGN_IDENTITY[sdk=iphoneos*]" = "iPhone Developer";
				COPY_PHASE_STRIP = NO;
				DEBUG_INFORMATION_FORMAT = dwarf;
				ENABLE_STRICT_OBJC_MSGSEND = YES;
				ENABLE_TESTABILITY = YES;
				GCC_C_LANGUAGE_STANDARD = gnu99;
				GCC_DYNAMIC_NO_PIC = NO;
				GCC_NO_COMMON_BLOCKS = YES;
				GCC_OPTIMIZATION_LEVEL = 0;
				GCC_PREPROCESSOR_DEFINITIONS = (
					"DEBUG=1",
					"$(inherited)",
				);
				GCC_WARN_64_TO_32_BIT_CONVERSION = YES;
				GCC_WARN_ABOUT_RETURN_TYPE = YES_ERROR;
				GCC_WARN_UNDECLARED_SELECTOR = YES;
				GCC_WARN_UNINITIALIZED_AUTOS = YES_AGGRESSIVE;
				GCC_WARN_UNUSED_FUNCTION = YES;
				GCC_WARN_UNUSED_VARIABLE = YES;
				IPHONEOS_DEPLOYMENT_TARGET = 9.3;
				MTL_ENABLE_DEBUG_INFO = YES;
				ONLY_ACTIVE_ARCH = YES;
				SDKROOT = iphoneos;
				SWIFT_OPTIMIZATION_LEVEL = "-Onone";
				TARGETED_DEVICE_FAMILY = "1,2";
			};
			name = Debug;
		};
		366EE6A71D5044E3008B6E98 /* Release */ = {
			isa = XCBuildConfiguration;
			buildSettings = {
				ALWAYS_SEARCH_USER_PATHS = NO;
				CLANG_ANALYZER_NONNULL = YES;
				CLANG_CXX_LANGUAGE_STANDARD = "gnu++0x";
				CLANG_CXX_LIBRARY = "libc++";
				CLANG_ENABLE_MODULES = YES;
				CLANG_ENABLE_OBJC_ARC = YES;
				CLANG_WARN_BOOL_CONVERSION = YES;
				CLANG_WARN_CONSTANT_CONVERSION = YES;
				CLANG_WARN_DIRECT_OBJC_ISA_USAGE = YES_ERROR;
				CLANG_WARN_EMPTY_BODY = YES;
				CLANG_WARN_ENUM_CONVERSION = YES;
				CLANG_WARN_INT_CONVERSION = YES;
				CLANG_WARN_OBJC_ROOT_CLASS = YES_ERROR;
				CLANG_WARN_UNREACHABLE_CODE = YES;
				CLANG_WARN__DUPLICATE_METHOD_MATCH = YES;
				"CODE_SIGN_IDENTITY[sdk=iphoneos*]" = "iPhone Developer";
				COPY_PHASE_STRIP = NO;
				DEBUG_INFORMATION_FORMAT = "dwarf-with-dsym";
				ENABLE_NS_ASSERTIONS = NO;
				ENABLE_STRICT_OBJC_MSGSEND = YES;
				GCC_C_LANGUAGE_STANDARD = gnu99;
				GCC_NO_COMMON_BLOCKS = YES;
				GCC_WARN_64_TO_32_BIT_CONVERSION = YES;
				GCC_WARN_ABOUT_RETURN_TYPE = YES_ERROR;
				GCC_WARN_UNDECLARED_SELECTOR = YES;
				GCC_WARN_UNINITIALIZED_AUTOS = YES_AGGRESSIVE;
				GCC_WARN_UNUSED_FUNCTION = YES;
				GCC_WARN_UNUSED_VARIABLE = YES;
				IPHONEOS_DEPLOYMENT_TARGET = 9.3;
				MTL_ENABLE_DEBUG_INFO = NO;
				SDKROOT = iphoneos;
				TARGETED_DEVICE_FAMILY = "1,2";
				VALIDATE_PRODUCT = YES;
			};
			name = Release;
		};
		366EE6A91D5044E3008B6E98 /* Debug */ = {
			isa = XCBuildConfiguration;
			buildSettings = {
				ASSETCATALOG_COMPILER_APPICON_NAME = AppIcon;
				INFOPLIST_FILE = ClickCounter/Info.plist;
				LD_RUNPATH_SEARCH_PATHS = "$(inherited) @executable_path/Frameworks";
				PRODUCT_BUNDLE_IDENTIFIER = svs1989.ClickCounter;
				PRODUCT_NAME = "$(TARGET_NAME)";
			};
			name = Debug;
		};
		366EE6AA1D5044E3008B6E98 /* Release */ = {
			isa = XCBuildConfiguration;
			buildSettings = {
				ASSETCATALOG_COMPILER_APPICON_NAME = AppIcon;
				INFOPLIST_FILE = ClickCounter/Info.plist;
				LD_RUNPATH_SEARCH_PATHS = "$(inherited) @executable_path/Frameworks";
				PRODUCT_BUNDLE_IDENTIFIER = svs1989.ClickCounter;
				PRODUCT_NAME = "$(TARGET_NAME)";
			};
			name = Release;
		};
		366EE6AC1D5044E3008B6E98 /* Debug */ = {
			isa = XCBuildConfiguration;
			buildSettings = {
				BUNDLE_LOADER = "$(TEST_HOST)";
				INFOPLIST_FILE = ClickCounterTests/Info.plist;
				LD_RUNPATH_SEARCH_PATHS = "$(inherited) @executable_path/Frameworks @loader_path/Frameworks";
				PRODUCT_BUNDLE_IDENTIFIER = svs1989.ClickCounterTests;
				PRODUCT_NAME = "$(TARGET_NAME)";
				TEST_HOST = "$(BUILT_PRODUCTS_DIR)/ClickCounter.app/ClickCounter";
			};
			name = Debug;
		};
		366EE6AD1D5044E3008B6E98 /* Release */ = {
			isa = XCBuildConfiguration;
			buildSettings = {
				BUNDLE_LOADER = "$(TEST_HOST)";
				INFOPLIST_FILE = ClickCounterTests/Info.plist;
				LD_RUNPATH_SEARCH_PATHS = "$(inherited) @executable_path/Frameworks @loader_path/Frameworks";
				PRODUCT_BUNDLE_IDENTIFIER = svs1989.ClickCounterTests;
				PRODUCT_NAME = "$(TARGET_NAME)";
				TEST_HOST = "$(BUILT_PRODUCTS_DIR)/ClickCounter.app/ClickCounter";
			};
			name = Release;
		};
		366EE6AF1D5044E3008B6E98 /* Debug */ = {
			isa = XCBuildConfiguration;
			buildSettings = {
				INFOPLIST_FILE = ClickCounterUITests/Info.plist;
				LD_RUNPATH_SEARCH_PATHS = "$(inherited) @executable_path/Frameworks @loader_path/Frameworks";
				PRODUCT_BUNDLE_IDENTIFIER = svs1989.ClickCounterUITests;
				PRODUCT_NAME = "$(TARGET_NAME)";
				TEST_TARGET_NAME = ClickCounter;
			};
			name = Debug;
		};
		366EE6B01D5044E3008B6E98 /* Release */ = {
			isa = XCBuildConfiguration;
			buildSettings = {
				INFOPLIST_FILE = ClickCounterUITests/Info.plist;
				LD_RUNPATH_SEARCH_PATHS = "$(inherited) @executable_path/Frameworks @loader_path/Frameworks";
				PRODUCT_BUNDLE_IDENTIFIER = svs1989.ClickCounterUITests;
				PRODUCT_NAME = "$(TARGET_NAME)";
				TEST_TARGET_NAME = ClickCounter;
			};
			name = Release;
		};
/* End XCBuildConfiguration section */

/* Begin XCConfigurationList section */
		366EE67B1D5044E3008B6E98 /* Build configuration list for PBXProject "ClickCounter" */ = {
			isa = XCConfigurationList;
			buildConfigurations = (
				366EE6A61D5044E3008B6E98 /* Debug */,
				366EE6A71D5044E3008B6E98 /* Release */,
			);
			defaultConfigurationIsVisible = 0;
			defaultConfigurationName = Release;
		};
		366EE6A81D5044E3008B6E98 /* Build configuration list for PBXNativeTarget "ClickCounter" */ = {
			isa = XCConfigurationList;
			buildConfigurations = (
				366EE6A91D5044E3008B6E98 /* Debug */,
				366EE6AA1D5044E3008B6E98 /* Release */,
			);
			defaultConfigurationIsVisible = 0;
		};
		366EE6AB1D5044E3008B6E98 /* Build configuration list for PBXNativeTarget "ClickCounterTests" */ = {
			isa = XCConfigurationList;
			buildConfigurations = (
				366EE6AC1D5044E3008B6E98 /* Debug */,
				366EE6AD1D5044E3008B6E98 /* Release */,
			);
			defaultConfigurationIsVisible = 0;
		};
		366EE6AE1D5044E3008B6E98 /* Build configuration list for PBXNativeTarget "ClickCounterUITests" */ = {
			isa = XCConfigurationList;
			buildConfigurations = (
				366EE6AF1D5044E3008B6E98 /* Debug */,
				366EE6B01D5044E3008B6E98 /* Release */,
			);
			defaultConfigurationIsVisible = 0;
		};
/* End XCConfigurationList section */
	};
	rootObject = 366EE6781D5044E3008B6E98 /* Project object */;
}
