// !$*UTF8*$!
{
	archiveVersion = 1;
	classes = {
	};
	objectVersion = 46;
	objects = {

/* Begin PBXBuildFile section */
		3670A8121DB2F56D00D0FC73 /* btn.wav in Resources */ = {isa = PBXBuildFile; fileRef = 3670A8111DB2F56D00D0FC73 /* btn.wav */; };
		36AB664E1DB0714800CF973F /* AppDelegate.swift in Sources */ = {isa = PBXBuildFile; fileRef = 36AB664D1DB0714800CF973F /* AppDelegate.swift */; };
		36AB66501DB0714800CF973F /* ViewController.swift in Sources */ = {isa = PBXBuildFile; fileRef = 36AB664F1DB0714800CF973F /* ViewController.swift */; };
		36AB66531DB0714800CF973F /* Main.storyboard in Resources */ = {isa = PBXBuildFile; fileRef = 36AB66511DB0714800CF973F /* Main.storyboard */; };
		36AB66551DB0714800CF973F /* Assets.xcassets in Resources */ = {isa = PBXBuildFile; fileRef = 36AB66541DB0714800CF973F /* Assets.xcassets */; };
		36AB66581DB0714800CF973F /* LaunchScreen.storyboard in Resources */ = {isa = PBXBuildFile; fileRef = 36AB66561DB0714800CF973F /* LaunchScreen.storyboard */; };
		36AB66631DB0714800CF973F /* RetroCalculatorTests.swift in Sources */ = {isa = PBXBuildFile; fileRef = 36AB66621DB0714800CF973F /* RetroCalculatorTests.swift */; };
		36AB666E1DB0714800CF973F /* RetroCalculatorUITests.swift in Sources */ = {isa = PBXBuildFile; fileRef = 36AB666D1DB0714800CF973F /* RetroCalculatorUITests.swift */; };
/* End PBXBuildFile section */

/* Begin PBXContainerItemProxy section */
		36AB665F1DB0714800CF973F /* PBXContainerItemProxy */ = {
			isa = PBXContainerItemProxy;
			containerPortal = 36AB66421DB0714800CF973F /* Project object */;
			proxyType = 1;
			remoteGlobalIDString = 36AB66491DB0714800CF973F;
			remoteInfo = RetroCalculator;
		};
		36AB666A1DB0714800CF973F /* PBXContainerItemProxy */ = {
			isa = PBXContainerItemProxy;
			containerPortal = 36AB66421DB0714800CF973F /* Project object */;
			proxyType = 1;
			remoteGlobalIDString = 36AB66491DB0714800CF973F;
			remoteInfo = RetroCalculator;
		};
/* End PBXContainerItemProxy section */

/* Begin PBXFileReference section */
		3670A8111DB2F56D00D0FC73 /* btn.wav */ = {isa = PBXFileReference; lastKnownFileType = audio.wav; path = btn.wav; sourceTree = "<group>"; };
		36AB664A1DB0714800CF973F /* RetroCalculator.app */ = {isa = PBXFileReference; explicitFileType = wrapper.application; includeInIndex = 0; path = RetroCalculator.app; sourceTree = BUILT_PRODUCTS_DIR; };
		36AB664D1DB0714800CF973F /* AppDelegate.swift */ = {isa = PBXFileReference; lastKnownFileType = sourcecode.swift; path = AppDelegate.swift; sourceTree = "<group>"; };
		36AB664F1DB0714800CF973F /* ViewController.swift */ = {isa = PBXFileReference; lastKnownFileType = sourcecode.swift; path = ViewController.swift; sourceTree = "<group>"; };
		36AB66521DB0714800CF973F /* Base */ = {isa = PBXFileReference; lastKnownFileType = file.storyboard; name = Base; path = Base.lproj/Main.storyboard; sourceTree = "<group>"; };
		36AB66541DB0714800CF973F /* Assets.xcassets */ = {isa = PBXFileReference; lastKnownFileType = folder.assetcatalog; path = Assets.xcassets; sourceTree = "<group>"; };
		36AB66571DB0714800CF973F /* Base */ = {isa = PBXFileReference; lastKnownFileType = file.storyboard; name = Base; path = Base.lproj/LaunchScreen.storyboard; sourceTree = "<group>"; };
		36AB66591DB0714800CF973F /* Info.plist */ = {isa = PBXFileReference; lastKnownFileType = text.plist.xml; path = Info.plist; sourceTree = "<group>"; };
		36AB665E1DB0714800CF973F /* RetroCalculatorTests.xctest */ = {isa = PBXFileReference; explicitFileType = wrapper.cfbundle; includeInIndex = 0; path = RetroCalculatorTests.xctest; sourceTree = BUILT_PRODUCTS_DIR; };
		36AB66621DB0714800CF973F /* RetroCalculatorTests.swift */ = {isa = PBXFileReference; lastKnownFileType = sourcecode.swift; path = RetroCalculatorTests.swift; sourceTree = "<group>"; };
		36AB66641DB0714800CF973F /* Info.plist */ = {isa = PBXFileReference; lastKnownFileType = text.plist.xml; path = Info.plist; sourceTree = "<group>"; };
		36AB66691DB0714800CF973F /* RetroCalculatorUITests.xctest */ = {isa = PBXFileReference; explicitFileType = wrapper.cfbundle; includeInIndex = 0; path = RetroCalculatorUITests.xctest; sourceTree = BUILT_PRODUCTS_DIR; };
		36AB666D1DB0714800CF973F /* RetroCalculatorUITests.swift */ = {isa = PBXFileReference; lastKnownFileType = sourcecode.swift; path = RetroCalculatorUITests.swift; sourceTree = "<group>"; };
		36AB666F1DB0714800CF973F /* Info.plist */ = {isa = PBXFileReference; lastKnownFileType = text.plist.xml; path = Info.plist; sourceTree = "<group>"; };
/* End PBXFileReference section */

/* Begin PBXFrameworksBuildPhase section */
		36AB66471DB0714800CF973F /* Frameworks */ = {
			isa = PBXFrameworksBuildPhase;
			buildActionMask = 2147483647;
			files = (
			);
			runOnlyForDeploymentPostprocessing = 0;
		};
		36AB665B1DB0714800CF973F /* Frameworks */ = {
			isa = PBXFrameworksBuildPhase;
			buildActionMask = 2147483647;
			files = (
			);
			runOnlyForDeploymentPostprocessing = 0;
		};
		36AB66661DB0714800CF973F /* Frameworks */ = {
			isa = PBXFrameworksBuildPhase;
			buildActionMask = 2147483647;
			files = (
			);
			runOnlyForDeploymentPostprocessing = 0;
		};
/* End PBXFrameworksBuildPhase section */

/* Begin PBXGroup section */
		36AB66411DB0714800CF973F = {
			isa = PBXGroup;
			children = (
				36AB664C1DB0714800CF973F /* RetroCalculator */,
				36AB66611DB0714800CF973F /* RetroCalculatorTests */,
				36AB666C1DB0714800CF973F /* RetroCalculatorUITests */,
				36AB664B1DB0714800CF973F /* Products */,
			);
			sourceTree = "<group>";
		};
		36AB664B1DB0714800CF973F /* Products */ = {
			isa = PBXGroup;
			children = (
				36AB664A1DB0714800CF973F /* RetroCalculator.app */,
				36AB665E1DB0714800CF973F /* RetroCalculatorTests.xctest */,
				36AB66691DB0714800CF973F /* RetroCalculatorUITests.xctest */,
			);
			name = Products;
			sourceTree = "<group>";
		};
		36AB664C1DB0714800CF973F /* RetroCalculator */ = {
			isa = PBXGroup;
			children = (
				36AB664D1DB0714800CF973F /* AppDelegate.swift */,
				36AB664F1DB0714800CF973F /* ViewController.swift */,
				36AB66511DB0714800CF973F /* Main.storyboard */,
				3670A8111DB2F56D00D0FC73 /* btn.wav */,
				36AB66541DB0714800CF973F /* Assets.xcassets */,
				36AB66561DB0714800CF973F /* LaunchScreen.storyboard */,
				36AB66591DB0714800CF973F /* Info.plist */,
			);
			path = RetroCalculator;
			sourceTree = "<group>";
		};
		36AB66611DB0714800CF973F /* RetroCalculatorTests */ = {
			isa = PBXGroup;
			children = (
				36AB66621DB0714800CF973F /* RetroCalculatorTests.swift */,
				36AB66641DB0714800CF973F /* Info.plist */,
			);
			path = RetroCalculatorTests;
			sourceTree = "<group>";
		};
		36AB666C1DB0714800CF973F /* RetroCalculatorUITests */ = {
			isa = PBXGroup;
			children = (
				36AB666D1DB0714800CF973F /* RetroCalculatorUITests.swift */,
				36AB666F1DB0714800CF973F /* Info.plist */,
			);
			path = RetroCalculatorUITests;
			sourceTree = "<group>";
		};
/* End PBXGroup section */

/* Begin PBXNativeTarget section */
		36AB66491DB0714800CF973F /* RetroCalculator */ = {
			isa = PBXNativeTarget;
			buildConfigurationList = 36AB66721DB0714800CF973F /* Build configuration list for PBXNativeTarget "RetroCalculator" */;
			buildPhases = (
				36AB66461DB0714800CF973F /* Sources */,
				36AB66471DB0714800CF973F /* Frameworks */,
				36AB66481DB0714800CF973F /* Resources */,
			);
			buildRules = (
			);
			dependencies = (
			);
			name = RetroCalculator;
			productName = RetroCalculator;
			productReference = 36AB664A1DB0714800CF973F /* RetroCalculator.app */;
			productType = "com.apple.product-type.application";
		};
		36AB665D1DB0714800CF973F /* RetroCalculatorTests */ = {
			isa = PBXNativeTarget;
			buildConfigurationList = 36AB66751DB0714800CF973F /* Build configuration list for PBXNativeTarget "RetroCalculatorTests" */;
			buildPhases = (
				36AB665A1DB0714800CF973F /* Sources */,
				36AB665B1DB0714800CF973F /* Frameworks */,
				36AB665C1DB0714800CF973F /* Resources */,
			);
			buildRules = (
			);
			dependencies = (
				36AB66601DB0714800CF973F /* PBXTargetDependency */,
			);
			name = RetroCalculatorTests;
			productName = RetroCalculatorTests;
			productReference = 36AB665E1DB0714800CF973F /* RetroCalculatorTests.xctest */;
			productType = "com.apple.product-type.bundle.unit-test";
		};
		36AB66681DB0714800CF973F /* RetroCalculatorUITests */ = {
			isa = PBXNativeTarget;
			buildConfigurationList = 36AB66781DB0714800CF973F /* Build configuration list for PBXNativeTarget "RetroCalculatorUITests" */;
			buildPhases = (
				36AB66651DB0714800CF973F /* Sources */,
				36AB66661DB0714800CF973F /* Frameworks */,
				36AB66671DB0714800CF973F /* Resources */,
			);
			buildRules = (
			);
			dependencies = (
				36AB666B1DB0714800CF973F /* PBXTargetDependency */,
			);
			name = RetroCalculatorUITests;
			productName = RetroCalculatorUITests;
			productReference = 36AB66691DB0714800CF973F /* RetroCalculatorUITests.xctest */;
			productType = "com.apple.product-type.bundle.ui-testing";
		};
/* End PBXNativeTarget section */

/* Begin PBXProject section */
		36AB66421DB0714800CF973F /* Project object */ = {
			isa = PBXProject;
			attributes = {
				LastSwiftUpdateCheck = 0800;
				LastUpgradeCheck = 0800;
				ORGANIZATIONNAME = "Snehal Sutar";
				TargetAttributes = {
					36AB66491DB0714800CF973F = {
						CreatedOnToolsVersion = 8.0;
						ProvisioningStyle = Automatic;
					};
					36AB665D1DB0714800CF973F = {
						CreatedOnToolsVersion = 8.0;
						ProvisioningStyle = Automatic;
						TestTargetID = 36AB66491DB0714800CF973F;
					};
					36AB66681DB0714800CF973F = {
						CreatedOnToolsVersion = 8.0;
						ProvisioningStyle = Automatic;
						TestTargetID = 36AB66491DB0714800CF973F;
					};
				};
			};
			buildConfigurationList = 36AB66451DB0714800CF973F /* Build configuration list for PBXProject "RetroCalculator" */;
			compatibilityVersion = "Xcode 3.2";
			developmentRegion = English;
			hasScannedForEncodings = 0;
			knownRegions = (
				en,
				Base,
			);
			mainGroup = 36AB66411DB0714800CF973F;
			productRefGroup = 36AB664B1DB0714800CF973F /* Products */;
			projectDirPath = "";
			projectRoot = "";
			targets = (
				36AB66491DB0714800CF973F /* RetroCalculator */,
				36AB665D1DB0714800CF973F /* RetroCalculatorTests */,
				36AB66681DB0714800CF973F /* RetroCalculatorUITests */,
			);
		};
/* End PBXProject section */

/* Begin PBXResourcesBuildPhase section */
		36AB66481DB0714800CF973F /* Resources */ = {
			isa = PBXResourcesBuildPhase;
			buildActionMask = 2147483647;
			files = (
				36AB66581DB0714800CF973F /* LaunchScreen.storyboard in Resources */,
				36AB66551DB0714800CF973F /* Assets.xcassets in Resources */,
				36AB66531DB0714800CF973F /* Main.storyboard in Resources */,
				3670A8121DB2F56D00D0FC73 /* btn.wav in Resources */,
			);
			runOnlyForDeploymentPostprocessing = 0;
		};
		36AB665C1DB0714800CF973F /* Resources */ = {
			isa = PBXResourcesBuildPhase;
			buildActionMask = 2147483647;
			files = (
			);
			runOnlyForDeploymentPostprocessing = 0;
		};
		36AB66671DB0714800CF973F /* Resources */ = {
			isa = PBXResourcesBuildPhase;
			buildActionMask = 2147483647;
			files = (
			);
			runOnlyForDeploymentPostprocessing = 0;
		};
/* End PBXResourcesBuildPhase section */

/* Begin PBXSourcesBuildPhase section */
		36AB66461DB0714800CF973F /* Sources */ = {
			isa = PBXSourcesBuildPhase;
			buildActionMask = 2147483647;
			files = (
				36AB66501DB0714800CF973F /* ViewController.swift in Sources */,
				36AB664E1DB0714800CF973F /* AppDelegate.swift in Sources */,
			);
			runOnlyForDeploymentPostprocessing = 0;
		};
		36AB665A1DB0714800CF973F /* Sources */ = {
			isa = PBXSourcesBuildPhase;
			buildActionMask = 2147483647;
			files = (
				36AB66631DB0714800CF973F /* RetroCalculatorTests.swift in Sources */,
			);
			runOnlyForDeploymentPostprocessing = 0;
		};
		36AB66651DB0714800CF973F /* Sources */ = {
			isa = PBXSourcesBuildPhase;
			buildActionMask = 2147483647;
			files = (
				36AB666E1DB0714800CF973F /* RetroCalculatorUITests.swift in Sources */,
			);
			runOnlyForDeploymentPostprocessing = 0;
		};
/* End PBXSourcesBuildPhase section */

/* Begin PBXTargetDependency section */
		36AB66601DB0714800CF973F /* PBXTargetDependency */ = {
			isa = PBXTargetDependency;
			target = 36AB66491DB0714800CF973F /* RetroCalculator */;
			targetProxy = 36AB665F1DB0714800CF973F /* PBXContainerItemProxy */;
		};
		36AB666B1DB0714800CF973F /* PBXTargetDependency */ = {
			isa = PBXTargetDependency;
			target = 36AB66491DB0714800CF973F /* RetroCalculator */;
			targetProxy = 36AB666A1DB0714800CF973F /* PBXContainerItemProxy */;
		};
/* End PBXTargetDependency section */

/* Begin PBXVariantGroup section */
		36AB66511DB0714800CF973F /* Main.storyboard */ = {
			isa = PBXVariantGroup;
			children = (
				36AB66521DB0714800CF973F /* Base */,
			);
			name = Main.storyboard;
			sourceTree = "<group>";
		};
		36AB66561DB0714800CF973F /* LaunchScreen.storyboard */ = {
			isa = PBXVariantGroup;
			children = (
				36AB66571DB0714800CF973F /* Base */,
			);
			name = LaunchScreen.storyboard;
			sourceTree = "<group>";
		};
/* End PBXVariantGroup section */

/* Begin XCBuildConfiguration section */
		36AB66701DB0714800CF973F /* Debug */ = {
			isa = XCBuildConfiguration;
			buildSettings = {
				ALWAYS_SEARCH_USER_PATHS = NO;
				CLANG_ANALYZER_NONNULL = YES;
				CLANG_CXX_LANGUAGE_STANDARD = "gnu++0x";
				CLANG_CXX_LIBRARY = "libc++";
				CLANG_ENABLE_MODULES = YES;
				CLANG_ENABLE_OBJC_ARC = YES;
				CLANG_WARN_BOOL_CONVERSION = YES;
				CLANG_WARN_CONSTANT_CONVERSION = YES;
				CLANG_WARN_DIRECT_OBJC_ISA_USAGE = YES_ERROR;
				CLANG_WARN_DOCUMENTATION_COMMENTS = YES;
				CLANG_WARN_EMPTY_BODY = YES;
				CLANG_WARN_ENUM_CONVERSION = YES;
				CLANG_WARN_INFINITE_RECURSION = YES;
				CLANG_WARN_INT_CONVERSION = YES;
				CLANG_WARN_OBJC_ROOT_CLASS = YES_ERROR;
				CLANG_WARN_SUSPICIOUS_MOVES = YES;
				CLANG_WARN_UNREACHABLE_CODE = YES;
				CLANG_WARN__DUPLICATE_METHOD_MATCH = YES;
				"CODE_SIGN_IDENTITY[sdk=iphoneos*]" = "iPhone Developer";
				COPY_PHASE_STRIP = NO;
				DEBUG_INFORMATION_FORMAT = dwarf;
				ENABLE_STRICT_OBJC_MSGSEND = YES;
				ENABLE_TESTABILITY = YES;
				GCC_C_LANGUAGE_STANDARD = gnu99;
				GCC_DYNAMIC_NO_PIC = NO;
				GCC_NO_COMMON_BLOCKS = YES;
				GCC_OPTIMIZATION_LEVEL = 0;
				GCC_PREPROCESSOR_DEFINITIONS = (
					"DEBUG=1",
					"$(inherited)",
				);
				GCC_WARN_64_TO_32_BIT_CONVERSION = YES;
				GCC_WARN_ABOUT_RETURN_TYPE = YES_ERROR;
				GCC_WARN_UNDECLARED_SELECTOR = YES;
				GCC_WARN_UNINITIALIZED_AUTOS = YES_AGGRESSIVE;
				GCC_WARN_UNUSED_FUNCTION = YES;
				GCC_WARN_UNUSED_VARIABLE = YES;
				IPHONEOS_DEPLOYMENT_TARGET = 10.0;
				MTL_ENABLE_DEBUG_INFO = YES;
				ONLY_ACTIVE_ARCH = YES;
				SDKROOT = iphoneos;
				SWIFT_ACTIVE_COMPILATION_CONDITIONS = DEBUG;
				SWIFT_OPTIMIZATION_LEVEL = "-Onone";
				TARGETED_DEVICE_FAMILY = "1,2";
			};
			name = Debug;
		};
		36AB66711DB0714800CF973F /* Release */ = {
			isa = XCBuildConfiguration;
			buildSettings = {
				ALWAYS_SEARCH_USER_PATHS = NO;
				CLANG_ANALYZER_NONNULL = YES;
				CLANG_CXX_LANGUAGE_STANDARD = "gnu++0x";
				CLANG_CXX_LIBRARY = "libc++";
				CLANG_ENABLE_MODULES = YES;
				CLANG_ENABLE_OBJC_ARC = YES;
				CLANG_WARN_BOOL_CONVERSION = YES;
				CLANG_WARN_CONSTANT_CONVERSION = YES;
				CLANG_WARN_DIRECT_OBJC_ISA_USAGE = YES_ERROR;
				CLANG_WARN_DOCUMENTATION_COMMENTS = YES;
				CLANG_WARN_EMPTY_BODY = YES;
				CLANG_WARN_ENUM_CONVERSION = YES;
				CLANG_WARN_INFINITE_RECURSION = YES;
				CLANG_WARN_INT_CONVERSION = YES;
				CLANG_WARN_OBJC_ROOT_CLASS = YES_ERROR;
				CLANG_WARN_SUSPICIOUS_MOVES = YES;
				CLANG_WARN_UNREACHABLE_CODE = YES;
				CLANG_WARN__DUPLICATE_METHOD_MATCH = YES;
				"CODE_SIGN_IDENTITY[sdk=iphoneos*]" = "iPhone Developer";
				COPY_PHASE_STRIP = NO;
				DEBUG_INFORMATION_FORMAT = "dwarf-with-dsym";
				ENABLE_NS_ASSERTIONS = NO;
				ENABLE_STRICT_OBJC_MSGSEND = YES;
				GCC_C_LANGUAGE_STANDARD = gnu99;
				GCC_NO_COMMON_BLOCKS = YES;
				GCC_WARN_64_TO_32_BIT_CONVERSION = YES;
				GCC_WARN_ABOUT_RETURN_TYPE = YES_ERROR;
				GCC_WARN_UNDECLARED_SELECTOR = YES;
				GCC_WARN_UNINITIALIZED_AUTOS = YES_AGGRESSIVE;
				GCC_WARN_UNUSED_FUNCTION = YES;
				GCC_WARN_UNUSED_VARIABLE = YES;
				IPHONEOS_DEPLOYMENT_TARGET = 10.0;
				MTL_ENABLE_DEBUG_INFO = NO;
				SDKROOT = iphoneos;
				SWIFT_OPTIMIZATION_LEVEL = "-Owholemodule";
				TARGETED_DEVICE_FAMILY = "1,2";
				VALIDATE_PRODUCT = YES;
			};
			name = Release;
		};
		36AB66731DB0714800CF973F /* Debug */ = {
			isa = XCBuildConfiguration;
			buildSettings = {
				ASSETCATALOG_COMPILER_APPICON_NAME = AppIcon;
				INFOPLIST_FILE = RetroCalculator/Info.plist;
				LD_RUNPATH_SEARCH_PATHS = "$(inherited) @executable_path/Frameworks";
				PRODUCT_BUNDLE_IDENTIFIER = svs1989.RetroCalculator;
				PRODUCT_NAME = "$(TARGET_NAME)";
				SWIFT_VERSION = 3.0;
			};
			name = Debug;
		};
		36AB66741DB0714800CF973F /* Release */ = {
			isa = XCBuildConfiguration;
			buildSettings = {
				ASSETCATALOG_COMPILER_APPICON_NAME = AppIcon;
				INFOPLIST_FILE = RetroCalculator/Info.plist;
				LD_RUNPATH_SEARCH_PATHS = "$(inherited) @executable_path/Frameworks";
				PRODUCT_BUNDLE_IDENTIFIER = svs1989.RetroCalculator;
				PRODUCT_NAME = "$(TARGET_NAME)";
				SWIFT_VERSION = 3.0;
			};
			name = Release;
		};
		36AB66761DB0714800CF973F /* Debug */ = {
			isa = XCBuildConfiguration;
			buildSettings = {
				ALWAYS_EMBED_SWIFT_STANDARD_LIBRARIES = YES;
				BUNDLE_LOADER = "$(TEST_HOST)";
				INFOPLIST_FILE = RetroCalculatorTests/Info.plist;
				LD_RUNPATH_SEARCH_PATHS = "$(inherited) @executable_path/Frameworks @loader_path/Frameworks";
				PRODUCT_BUNDLE_IDENTIFIER = svs1989.RetroCalculatorTests;
				PRODUCT_NAME = "$(TARGET_NAME)";
				SWIFT_VERSION = 3.0;
				TEST_HOST = "$(BUILT_PRODUCTS_DIR)/RetroCalculator.app/RetroCalculator";
			};
			name = Debug;
		};
		36AB66771DB0714800CF973F /* Release */ = {
			isa = XCBuildConfiguration;
			buildSettings = {
				ALWAYS_EMBED_SWIFT_STANDARD_LIBRARIES = YES;
				BUNDLE_LOADER = "$(TEST_HOST)";
				INFOPLIST_FILE = RetroCalculatorTests/Info.plist;
				LD_RUNPATH_SEARCH_PATHS = "$(inherited) @executable_path/Frameworks @loader_path/Frameworks";
				PRODUCT_BUNDLE_IDENTIFIER = svs1989.RetroCalculatorTests;
				PRODUCT_NAME = "$(TARGET_NAME)";
				SWIFT_VERSION = 3.0;
				TEST_HOST = "$(BUILT_PRODUCTS_DIR)/RetroCalculator.app/RetroCalculator";
			};
			name = Release;
		};
		36AB66791DB0714800CF973F /* Debug */ = {
			isa = XCBuildConfiguration;
			buildSettings = {
				ALWAYS_EMBED_SWIFT_STANDARD_LIBRARIES = YES;
				INFOPLIST_FILE = RetroCalculatorUITests/Info.plist;
				LD_RUNPATH_SEARCH_PATHS = "$(inherited) @executable_path/Frameworks @loader_path/Frameworks";
				PRODUCT_BUNDLE_IDENTIFIER = svs1989.RetroCalculatorUITests;
				PRODUCT_NAME = "$(TARGET_NAME)";
				SWIFT_VERSION = 3.0;
				TEST_TARGET_NAME = RetroCalculator;
			};
			name = Debug;
		};
		36AB667A1DB0714800CF973F /* Release */ = {
			isa = XCBuildConfiguration;
			buildSettings = {
				ALWAYS_EMBED_SWIFT_STANDARD_LIBRARIES = YES;
				INFOPLIST_FILE = RetroCalculatorUITests/Info.plist;
				LD_RUNPATH_SEARCH_PATHS = "$(inherited) @executable_path/Frameworks @loader_path/Frameworks";
				PRODUCT_BUNDLE_IDENTIFIER = svs1989.RetroCalculatorUITests;
				PRODUCT_NAME = "$(TARGET_NAME)";
				SWIFT_VERSION = 3.0;
				TEST_TARGET_NAME = RetroCalculator;
			};
			name = Release;
		};
/* End XCBuildConfiguration section */

/* Begin XCConfigurationList section */
		36AB66451DB0714800CF973F /* Build configuration list for PBXProject "RetroCalculator" */ = {
			isa = XCConfigurationList;
			buildConfigurations = (
				36AB66701DB0714800CF973F /* Debug */,
				36AB66711DB0714800CF973F /* Release */,
			);
			defaultConfigurationIsVisible = 0;
			defaultConfigurationName = Release;
		};
		36AB66721DB0714800CF973F /* Build configuration list for PBXNativeTarget "RetroCalculator" */ = {
			isa = XCConfigurationList;
			buildConfigurations = (
				36AB66731DB0714800CF973F /* Debug */,
				36AB66741DB0714800CF973F /* Release */,
			);
			defaultConfigurationIsVisible = 0;
			defaultConfigurationName = Release;
		};
		36AB66751DB0714800CF973F /* Build configuration list for PBXNativeTarget "RetroCalculatorTests" */ = {
			isa = XCConfigurationList;
			buildConfigurations = (
				36AB66761DB0714800CF973F /* Debug */,
				36AB66771DB0714800CF973F /* Release */,
			);
			defaultConfigurationIsVisible = 0;
			defaultConfigurationName = Release;
		};
		36AB66781DB0714800CF973F /* Build configuration list for PBXNativeTarget "RetroCalculatorUITests" */ = {
			isa = XCConfigurationList;
			buildConfigurations = (
				36AB66791DB0714800CF973F /* Debug */,
				36AB667A1DB0714800CF973F /* Release */,
			);
			defaultConfigurationIsVisible = 0;
			defaultConfigurationName = Release;
		};
/* End XCConfigurationList section */
	};
	rootObject = 36AB66421DB0714800CF973F /* Project object */;
}
