// !$*UTF8*$!
{
	archiveVersion = 1;
	classes = {
	};
	objectVersion = 46;
	objects = {

/* Begin PBXBuildFile section */
		36285BBA1D5ACE020097BD56 /* AppDelegate.swift in Sources */ = {isa = PBXBuildFile; fileRef = 36285BB91D5ACE020097BD56 /* AppDelegate.swift */; };
		36285BBC1D5ACE020097BD56 /* ViewController.swift in Sources */ = {isa = PBXBuildFile; fileRef = 36285BBB1D5ACE020097BD56 /* ViewController.swift */; };
		36285BBF1D5ACE020097BD56 /* Main.storyboard in Resources */ = {isa = PBXBuildFile; fileRef = 36285BBD1D5ACE020097BD56 /* Main.storyboard */; };
		36285BC11D5ACE020097BD56 /* Assets.xcassets in Resources */ = {isa = PBXBuildFile; fileRef = 36285BC01D5ACE020097BD56 /* Assets.xcassets */; };
		36285BC41D5ACE020097BD56 /* LaunchScreen.storyboard in Resources */ = {isa = PBXBuildFile; fileRef = 36285BC21D5ACE020097BD56 /* LaunchScreen.storyboard */; };
		36285BCF1D5ACE020097BD56 /* TableViewNavigationTests.swift in Sources */ = {isa = PBXBuildFile; fileRef = 36285BCE1D5ACE020097BD56 /* TableViewNavigationTests.swift */; };
		36285BDA1D5ACE020097BD56 /* TableViewNavigationUITests.swift in Sources */ = {isa = PBXBuildFile; fileRef = 36285BD91D5ACE020097BD56 /* TableViewNavigationUITests.swift */; };
/* End PBXBuildFile section */

/* Begin PBXContainerItemProxy section */
		36285BCB1D5ACE020097BD56 /* PBXContainerItemProxy */ = {
			isa = PBXContainerItemProxy;
			containerPortal = 36285BAE1D5ACE020097BD56 /* Project object */;
			proxyType = 1;
			remoteGlobalIDString = 36285BB51D5ACE020097BD56;
			remoteInfo = TableViewNavigation;
		};
		36285BD61D5ACE020097BD56 /* PBXContainerItemProxy */ = {
			isa = PBXContainerItemProxy;
			containerPortal = 36285BAE1D5ACE020097BD56 /* Project object */;
			proxyType = 1;
			remoteGlobalIDString = 36285BB51D5ACE020097BD56;
			remoteInfo = TableViewNavigation;
		};
/* End PBXContainerItemProxy section */

/* Begin PBXFileReference section */
		36285BB61D5ACE020097BD56 /* TableViewNavigation.app */ = {isa = PBXFileReference; explicitFileType = wrapper.application; includeInIndex = 0; path = TableViewNavigation.app; sourceTree = BUILT_PRODUCTS_DIR; };
		36285BB91D5ACE020097BD56 /* AppDelegate.swift */ = {isa = PBXFileReference; lastKnownFileType = sourcecode.swift; path = AppDelegate.swift; sourceTree = "<group>"; };
		36285BBB1D5ACE020097BD56 /* ViewController.swift */ = {isa = PBXFileReference; lastKnownFileType = sourcecode.swift; path = ViewController.swift; sourceTree = "<group>"; };
		36285BBE1D5ACE020097BD56 /* Base */ = {isa = PBXFileReference; lastKnownFileType = file.storyboard; name = Base; path = Base.lproj/Main.storyboard; sourceTree = "<group>"; };
		36285BC01D5ACE020097BD56 /* Assets.xcassets */ = {isa = PBXFileReference; lastKnownFileType = folder.assetcatalog; path = Assets.xcassets; sourceTree = "<group>"; };
		36285BC31D5ACE020097BD56 /* Base */ = {isa = PBXFileReference; lastKnownFileType = file.storyboard; name = Base; path = Base.lproj/LaunchScreen.storyboard; sourceTree = "<group>"; };
		36285BC51D5ACE020097BD56 /* Info.plist */ = {isa = PBXFileReference; lastKnownFileType = text.plist.xml; path = Info.plist; sourceTree = "<group>"; };
		36285BCA1D5ACE020097BD56 /* TableViewNavigationTests.xctest */ = {isa = PBXFileReference; explicitFileType = wrapper.cfbundle; includeInIndex = 0; path = TableViewNavigationTests.xctest; sourceTree = BUILT_PRODUCTS_DIR; };
		36285BCE1D5ACE020097BD56 /* TableViewNavigationTests.swift */ = {isa = PBXFileReference; lastKnownFileType = sourcecode.swift; path = TableViewNavigationTests.swift; sourceTree = "<group>"; };
		36285BD01D5ACE020097BD56 /* Info.plist */ = {isa = PBXFileReference; lastKnownFileType = text.plist.xml; path = Info.plist; sourceTree = "<group>"; };
		36285BD51D5ACE020097BD56 /* TableViewNavigationUITests.xctest */ = {isa = PBXFileReference; explicitFileType = wrapper.cfbundle; includeInIndex = 0; path = TableViewNavigationUITests.xctest; sourceTree = BUILT_PRODUCTS_DIR; };
		36285BD91D5ACE020097BD56 /* TableViewNavigationUITests.swift */ = {isa = PBXFileReference; lastKnownFileType = sourcecode.swift; path = TableViewNavigationUITests.swift; sourceTree = "<group>"; };
		36285BDB1D5ACE020097BD56 /* Info.plist */ = {isa = PBXFileReference; lastKnownFileType = text.plist.xml; path = Info.plist; sourceTree = "<group>"; };
/* End PBXFileReference section */

/* Begin PBXFrameworksBuildPhase section */
		36285BB31D5ACE020097BD56 /* Frameworks */ = {
			isa = PBXFrameworksBuildPhase;
			buildActionMask = 2147483647;
			files = (
			);
			runOnlyForDeploymentPostprocessing = 0;
		};
		36285BC71D5ACE020097BD56 /* Frameworks */ = {
			isa = PBXFrameworksBuildPhase;
			buildActionMask = 2147483647;
			files = (
			);
			runOnlyForDeploymentPostprocessing = 0;
		};
		36285BD21D5ACE020097BD56 /* Frameworks */ = {
			isa = PBXFrameworksBuildPhase;
			buildActionMask = 2147483647;
			files = (
			);
			runOnlyForDeploymentPostprocessing = 0;
		};
/* End PBXFrameworksBuildPhase section */

/* Begin PBXGroup section */
		36285BAD1D5ACE020097BD56 = {
			isa = PBXGroup;
			children = (
				36285BB81D5ACE020097BD56 /* TableViewNavigation */,
				36285BCD1D5ACE020097BD56 /* TableViewNavigationTests */,
				36285BD81D5ACE020097BD56 /* TableViewNavigationUITests */,
				36285BB71D5ACE020097BD56 /* Products */,
			);
			sourceTree = "<group>";
		};
		36285BB71D5ACE020097BD56 /* Products */ = {
			isa = PBXGroup;
			children = (
				36285BB61D5ACE020097BD56 /* TableViewNavigation.app */,
				36285BCA1D5ACE020097BD56 /* TableViewNavigationTests.xctest */,
				36285BD51D5ACE020097BD56 /* TableViewNavigationUITests.xctest */,
			);
			name = Products;
			sourceTree = "<group>";
		};
		36285BB81D5ACE020097BD56 /* TableViewNavigation */ = {
			isa = PBXGroup;
			children = (
				36285BB91D5ACE020097BD56 /* AppDelegate.swift */,
				36285BBB1D5ACE020097BD56 /* ViewController.swift */,
				36285BBD1D5ACE020097BD56 /* Main.storyboard */,
				36285BC01D5ACE020097BD56 /* Assets.xcassets */,
				36285BC21D5ACE020097BD56 /* LaunchScreen.storyboard */,
				36285BC51D5ACE020097BD56 /* Info.plist */,
			);
			path = TableViewNavigation;
			sourceTree = "<group>";
		};
		36285BCD1D5ACE020097BD56 /* TableViewNavigationTests */ = {
			isa = PBXGroup;
			children = (
				36285BCE1D5ACE020097BD56 /* TableViewNavigationTests.swift */,
				36285BD01D5ACE020097BD56 /* Info.plist */,
			);
			path = TableViewNavigationTests;
			sourceTree = "<group>";
		};
		36285BD81D5ACE020097BD56 /* TableViewNavigationUITests */ = {
			isa = PBXGroup;
			children = (
				36285BD91D5ACE020097BD56 /* TableViewNavigationUITests.swift */,
				36285BDB1D5ACE020097BD56 /* Info.plist */,
			);
			path = TableViewNavigationUITests;
			sourceTree = "<group>";
		};
/* End PBXGroup section */

/* Begin PBXNativeTarget section */
		36285BB51D5ACE020097BD56 /* TableViewNavigation */ = {
			isa = PBXNativeTarget;
			buildConfigurationList = 36285BDE1D5ACE020097BD56 /* Build configuration list for PBXNativeTarget "TableViewNavigation" */;
			buildPhases = (
				36285BB21D5ACE020097BD56 /* Sources */,
				36285BB31D5ACE020097BD56 /* Frameworks */,
				36285BB41D5ACE020097BD56 /* Resources */,
			);
			buildRules = (
			);
			dependencies = (
			);
			name = TableViewNavigation;
			productName = TableViewNavigation;
			productReference = 36285BB61D5ACE020097BD56 /* TableViewNavigation.app */;
			productType = "com.apple.product-type.application";
		};
		36285BC91D5ACE020097BD56 /* TableViewNavigationTests */ = {
			isa = PBXNativeTarget;
			buildConfigurationList = 36285BE11D5ACE020097BD56 /* Build configuration list for PBXNativeTarget "TableViewNavigationTests" */;
			buildPhases = (
				36285BC61D5ACE020097BD56 /* Sources */,
				36285BC71D5ACE020097BD56 /* Frameworks */,
				36285BC81D5ACE020097BD56 /* Resources */,
			);
			buildRules = (
			);
			dependencies = (
				36285BCC1D5ACE020097BD56 /* PBXTargetDependency */,
			);
			name = TableViewNavigationTests;
			productName = TableViewNavigationTests;
			productReference = 36285BCA1D5ACE020097BD56 /* TableViewNavigationTests.xctest */;
			productType = "com.apple.product-type.bundle.unit-test";
		};
		36285BD41D5ACE020097BD56 /* TableViewNavigationUITests */ = {
			isa = PBXNativeTarget;
			buildConfigurationList = 36285BE41D5ACE020097BD56 /* Build configuration list for PBXNativeTarget "TableViewNavigationUITests" */;
			buildPhases = (
				36285BD11D5ACE020097BD56 /* Sources */,
				36285BD21D5ACE020097BD56 /* Frameworks */,
				36285BD31D5ACE020097BD56 /* Resources */,
			);
			buildRules = (
			);
			dependencies = (
				36285BD71D5ACE020097BD56 /* PBXTargetDependency */,
			);
			name = TableViewNavigationUITests;
			productName = TableViewNavigationUITests;
			productReference = 36285BD51D5ACE020097BD56 /* TableViewNavigationUITests.xctest */;
			productType = "com.apple.product-type.bundle.ui-testing";
		};
/* End PBXNativeTarget section */

/* Begin PBXProject section */
		36285BAE1D5ACE020097BD56 /* Project object */ = {
			isa = PBXProject;
			attributes = {
				LastSwiftUpdateCheck = 0730;
				LastUpgradeCheck = 0730;
				ORGANIZATIONNAME = "Snehal Sutar";
				TargetAttributes = {
					36285BB51D5ACE020097BD56 = {
						CreatedOnToolsVersion = 7.3.1;
					};
					36285BC91D5ACE020097BD56 = {
						CreatedOnToolsVersion = 7.3.1;
						TestTargetID = 36285BB51D5ACE020097BD56;
					};
					36285BD41D5ACE020097BD56 = {
						CreatedOnToolsVersion = 7.3.1;
						TestTargetID = 36285BB51D5ACE020097BD56;
					};
				};
			};
			buildConfigurationList = 36285BB11D5ACE020097BD56 /* Build configuration list for PBXProject "TableViewNavigation" */;
			compatibilityVersion = "Xcode 3.2";
			developmentRegion = English;
			hasScannedForEncodings = 0;
			knownRegions = (
				en,
				Base,
			);
			mainGroup = 36285BAD1D5ACE020097BD56;
			productRefGroup = 36285BB71D5ACE020097BD56 /* Products */;
			projectDirPath = "";
			projectRoot = "";
			targets = (
				36285BB51D5ACE020097BD56 /* TableViewNavigation */,
				36285BC91D5ACE020097BD56 /* TableViewNavigationTests */,
				36285BD41D5ACE020097BD56 /* TableViewNavigationUITests */,
			);
		};
/* End PBXProject section */

/* Begin PBXResourcesBuildPhase section */
		36285BB41D5ACE020097BD56 /* Resources */ = {
			isa = PBXResourcesBuildPhase;
			buildActionMask = 2147483647;
			files = (
				36285BC41D5ACE020097BD56 /* LaunchScreen.storyboard in Resources */,
				36285BC11D5ACE020097BD56 /* Assets.xcassets in Resources */,
				36285BBF1D5ACE020097BD56 /* Main.storyboard in Resources */,
			);
			runOnlyForDeploymentPostprocessing = 0;
		};
		36285BC81D5ACE020097BD56 /* Resources */ = {
			isa = PBXResourcesBuildPhase;
			buildActionMask = 2147483647;
			files = (
			);
			runOnlyForDeploymentPostprocessing = 0;
		};
		36285BD31D5ACE020097BD56 /* Resources */ = {
			isa = PBXResourcesBuildPhase;
			buildActionMask = 2147483647;
			files = (
			);
			runOnlyForDeploymentPostprocessing = 0;
		};
/* End PBXResourcesBuildPhase section */

/* Begin PBXSourcesBuildPhase section */
		36285BB21D5ACE020097BD56 /* Sources */ = {
			isa = PBXSourcesBuildPhase;
			buildActionMask = 2147483647;
			files = (
				36285BBC1D5ACE020097BD56 /* ViewController.swift in Sources */,
				36285BBA1D5ACE020097BD56 /* AppDelegate.swift in Sources */,
			);
			runOnlyForDeploymentPostprocessing = 0;
		};
		36285BC61D5ACE020097BD56 /* Sources */ = {
			isa = PBXSourcesBuildPhase;
			buildActionMask = 2147483647;
			files = (
				36285BCF1D5ACE020097BD56 /* TableViewNavigationTests.swift in Sources */,
			);
			runOnlyForDeploymentPostprocessing = 0;
		};
		36285BD11D5ACE020097BD56 /* Sources */ = {
			isa = PBXSourcesBuildPhase;
			buildActionMask = 2147483647;
			files = (
				36285BDA1D5ACE020097BD56 /* TableViewNavigationUITests.swift in Sources */,
			);
			runOnlyForDeploymentPostprocessing = 0;
		};
/* End PBXSourcesBuildPhase section */

/* Begin PBXTargetDependency section */
		36285BCC1D5ACE020097BD56 /* PBXTargetDependency */ = {
			isa = PBXTargetDependency;
			target = 36285BB51D5ACE020097BD56 /* TableViewNavigation */;
			targetProxy = 36285BCB1D5ACE020097BD56 /* PBXContainerItemProxy */;
		};
		36285BD71D5ACE020097BD56 /* PBXTargetDependency */ = {
			isa = PBXTargetDependency;
			target = 36285BB51D5ACE020097BD56 /* TableViewNavigation */;
			targetProxy = 36285BD61D5ACE020097BD56 /* PBXContainerItemProxy */;
		};
/* End PBXTargetDependency section */

/* Begin PBXVariantGroup section */
		36285BBD1D5ACE020097BD56 /* Main.storyboard */ = {
			isa = PBXVariantGroup;
			children = (
				36285BBE1D5ACE020097BD56 /* Base */,
			);
			name = Main.storyboard;
			sourceTree = "<group>";
		};
		36285BC21D5ACE020097BD56 /* LaunchScreen.storyboard */ = {
			isa = PBXVariantGroup;
			children = (
				36285BC31D5ACE020097BD56 /* Base */,
			);
			name = LaunchScreen.storyboard;
			sourceTree = "<group>";
		};
/* End PBXVariantGroup section */

/* Begin XCBuildConfiguration section */
		36285BDC1D5ACE020097BD56 /* Debug */ = {
			isa = XCBuildConfiguration;
			buildSettings = {
				ALWAYS_SEARCH_USER_PATHS = NO;
				CLANG_ANALYZER_NONNULL = YES;
				CLANG_CXX_LANGUAGE_STANDARD = "gnu++0x";
				CLANG_CXX_LIBRARY = "libc++";
				CLANG_ENABLE_MODULES = YES;
				CLANG_ENABLE_OBJC_ARC = YES;
				CLANG_WARN_BOOL_CONVERSION = YES;
				CLANG_WARN_CONSTANT_CONVERSION = YES;
				CLANG_WARN_DIRECT_OBJC_ISA_USAGE = YES_ERROR;
				CLANG_WARN_EMPTY_BODY = YES;
				CLANG_WARN_ENUM_CONVERSION = YES;
				CLANG_WARN_INT_CONVERSION = YES;
				CLANG_WARN_OBJC_ROOT_CLASS = YES_ERROR;
				CLANG_WARN_UNREACHABLE_CODE = YES;
				CLANG_WARN__DUPLICATE_METHOD_MATCH = YES;
				"CODE_SIGN_IDENTITY[sdk=iphoneos*]" = "iPhone Developer";
				COPY_PHASE_STRIP = NO;
				DEBUG_INFORMATION_FORMAT = dwarf;
				ENABLE_STRICT_OBJC_MSGSEND = YES;
				ENABLE_TESTABILITY = YES;
				GCC_C_LANGUAGE_STANDARD = gnu99;
				GCC_DYNAMIC_NO_PIC = NO;
				GCC_NO_COMMON_BLOCKS = YES;
				GCC_OPTIMIZATION_LEVEL = 0;
				GCC_PREPROCESSOR_DEFINITIONS = (
					"DEBUG=1",
					"$(inherited)",
				);
				GCC_WARN_64_TO_32_BIT_CONVERSION = YES;
				GCC_WARN_ABOUT_RETURN_TYPE = YES_ERROR;
				GCC_WARN_UNDECLARED_SELECTOR = YES;
				GCC_WARN_UNINITIALIZED_AUTOS = YES_AGGRESSIVE;
				GCC_WARN_UNUSED_FUNCTION = YES;
				GCC_WARN_UNUSED_VARIABLE = YES;
				IPHONEOS_DEPLOYMENT_TARGET = 9.3;
				MTL_ENABLE_DEBUG_INFO = YES;
				ONLY_ACTIVE_ARCH = YES;
				SDKROOT = iphoneos;
				SWIFT_OPTIMIZATION_LEVEL = "-Onone";
				TARGETED_DEVICE_FAMILY = "1,2";
			};
			name = Debug;
		};
		36285BDD1D5ACE020097BD56 /* Release */ = {
			isa = XCBuildConfiguration;
			buildSettings = {
				ALWAYS_SEARCH_USER_PATHS = NO;
				CLANG_ANALYZER_NONNULL = YES;
				CLANG_CXX_LANGUAGE_STANDARD = "gnu++0x";
				CLANG_CXX_LIBRARY = "libc++";
				CLANG_ENABLE_MODULES = YES;
				CLANG_ENABLE_OBJC_ARC = YES;
				CLANG_WARN_BOOL_CONVERSION = YES;
				CLANG_WARN_CONSTANT_CONVERSION = YES;
				CLANG_WARN_DIRECT_OBJC_ISA_USAGE = YES_ERROR;
				CLANG_WARN_EMPTY_BODY = YES;
				CLANG_WARN_ENUM_CONVERSION = YES;
				CLANG_WARN_INT_CONVERSION = YES;
				CLANG_WARN_OBJC_ROOT_CLASS = YES_ERROR;
				CLANG_WARN_UNREACHABLE_CODE = YES;
				CLANG_WARN__DUPLICATE_METHOD_MATCH = YES;
				"CODE_SIGN_IDENTITY[sdk=iphoneos*]" = "iPhone Developer";
				COPY_PHASE_STRIP = NO;
				DEBUG_INFORMATION_FORMAT = "dwarf-with-dsym";
				ENABLE_NS_ASSERTIONS = NO;
				ENABLE_STRICT_OBJC_MSGSEND = YES;
				GCC_C_LANGUAGE_STANDARD = gnu99;
				GCC_NO_COMMON_BLOCKS = YES;
				GCC_WARN_64_TO_32_BIT_CONVERSION = YES;
				GCC_WARN_ABOUT_RETURN_TYPE = YES_ERROR;
				GCC_WARN_UNDECLARED_SELECTOR = YES;
				GCC_WARN_UNINITIALIZED_AUTOS = YES_AGGRESSIVE;
				GCC_WARN_UNUSED_FUNCTION = YES;
				GCC_WARN_UNUSED_VARIABLE = YES;
				IPHONEOS_DEPLOYMENT_TARGET = 9.3;
				MTL_ENABLE_DEBUG_INFO = NO;
				SDKROOT = iphoneos;
				TARGETED_DEVICE_FAMILY = "1,2";
				VALIDATE_PRODUCT = YES;
			};
			name = Release;
		};
		36285BDF1D5ACE020097BD56 /* Debug */ = {
			isa = XCBuildConfiguration;
			buildSettings = {
				ASSETCATALOG_COMPILER_APPICON_NAME = AppIcon;
				INFOPLIST_FILE = TableViewNavigation/Info.plist;
				LD_RUNPATH_SEARCH_PATHS = "$(inherited) @executable_path/Frameworks";
				PRODUCT_BUNDLE_IDENTIFIER = svs1989.TableViewNavigation;
				PRODUCT_NAME = "$(TARGET_NAME)";
			};
			name = Debug;
		};
		36285BE01D5ACE020097BD56 /* Release */ = {
			isa = XCBuildConfiguration;
			buildSettings = {
				ASSETCATALOG_COMPILER_APPICON_NAME = AppIcon;
				INFOPLIST_FILE = TableViewNavigation/Info.plist;
				LD_RUNPATH_SEARCH_PATHS = "$(inherited) @executable_path/Frameworks";
				PRODUCT_BUNDLE_IDENTIFIER = svs1989.TableViewNavigation;
				PRODUCT_NAME = "$(TARGET_NAME)";
			};
			name = Release;
		};
		36285BE21D5ACE020097BD56 /* Debug */ = {
			isa = XCBuildConfiguration;
			buildSettings = {
				BUNDLE_LOADER = "$(TEST_HOST)";
				INFOPLIST_FILE = TableViewNavigationTests/Info.plist;
				LD_RUNPATH_SEARCH_PATHS = "$(inherited) @executable_path/Frameworks @loader_path/Frameworks";
				PRODUCT_BUNDLE_IDENTIFIER = svs1989.TableViewNavigationTests;
				PRODUCT_NAME = "$(TARGET_NAME)";
				TEST_HOST = "$(BUILT_PRODUCTS_DIR)/TableViewNavigation.app/TableViewNavigation";
			};
			name = Debug;
		};
		36285BE31D5ACE020097BD56 /* Release */ = {
			isa = XCBuildConfiguration;
			buildSettings = {
				BUNDLE_LOADER = "$(TEST_HOST)";
				INFOPLIST_FILE = TableViewNavigationTests/Info.plist;
				LD_RUNPATH_SEARCH_PATHS = "$(inherited) @executable_path/Frameworks @loader_path/Frameworks";
				PRODUCT_BUNDLE_IDENTIFIER = svs1989.TableViewNavigationTests;
				PRODUCT_NAME = "$(TARGET_NAME)";
				TEST_HOST = "$(BUILT_PRODUCTS_DIR)/TableViewNavigation.app/TableViewNavigation";
			};
			name = Release;
		};
		36285BE51D5ACE020097BD56 /* Debug */ = {
			isa = XCBuildConfiguration;
			buildSettings = {
				INFOPLIST_FILE = TableViewNavigationUITests/Info.plist;
				LD_RUNPATH_SEARCH_PATHS = "$(inherited) @executable_path/Frameworks @loader_path/Frameworks";
				PRODUCT_BUNDLE_IDENTIFIER = svs1989.TableViewNavigationUITests;
				PRODUCT_NAME = "$(TARGET_NAME)";
				TEST_TARGET_NAME = TableViewNavigation;
			};
			name = Debug;
		};
		36285BE61D5ACE020097BD56 /* Release */ = {
			isa = XCBuildConfiguration;
			buildSettings = {
				INFOPLIST_FILE = TableViewNavigationUITests/Info.plist;
				LD_RUNPATH_SEARCH_PATHS = "$(inherited) @executable_path/Frameworks @loader_path/Frameworks";
				PRODUCT_BUNDLE_IDENTIFIER = svs1989.TableViewNavigationUITests;
				PRODUCT_NAME = "$(TARGET_NAME)";
				TEST_TARGET_NAME = TableViewNavigation;
			};
			name = Release;
		};
/* End XCBuildConfiguration section */

/* Begin XCConfigurationList section */
		36285BB11D5ACE020097BD56 /* Build configuration list for PBXProject "TableViewNavigation" */ = {
			isa = XCConfigurationList;
			buildConfigurations = (
				36285BDC1D5ACE020097BD56 /* Debug */,
				36285BDD1D5ACE020097BD56 /* Release */,
			);
			defaultConfigurationIsVisible = 0;
			defaultConfigurationName = Release;
		};
		36285BDE1D5ACE020097BD56 /* Build configuration list for PBXNativeTarget "TableViewNavigation" */ = {
			isa = XCConfigurationList;
			buildConfigurations = (
				36285BDF1D5ACE020097BD56 /* Debug */,
				36285BE01D5ACE020097BD56 /* Release */,
			);
			defaultConfigurationIsVisible = 0;
		};
		36285BE11D5ACE020097BD56 /* Build configuration list for PBXNativeTarget "TableViewNavigationTests" */ = {
			isa = XCConfigurationList;
			buildConfigurations = (
				36285BE21D5ACE020097BD56 /* Debug */,
				36285BE31D5ACE020097BD56 /* Release */,
			);
			defaultConfigurationIsVisible = 0;
		};
		36285BE41D5ACE020097BD56 /* Build configuration list for PBXNativeTarget "TableViewNavigationUITests" */ = {
			isa = XCConfigurationList;
			buildConfigurations = (
				36285BE51D5ACE020097BD56 /* Debug */,
				36285BE61D5ACE020097BD56 /* Release */,
			);
			defaultConfigurationIsVisible = 0;
		};
/* End XCConfigurationList section */
	};
	rootObject = 36285BAE1D5ACE020097BD56 /* Project object */;
}
