// !$*UTF8*$!
{
	archiveVersion = 1;
	classes = {
	};
	objectVersion = 46;
	objects = {

/* Begin PBXBuildFile section */
		369F72441E077C5700CEBA78 /* Assets.xcassets in Resources */ = {isa = PBXBuildFile; fileRef = 369F72431E077C5700CEBA78 /* Assets.xcassets */; };
		369F724B1E077C5800CEBA78 /* MessagesExtension.appex in Embed App Extensions */ = {isa = PBXBuildFile; fileRef = 369F724A1E077C5800CEBA78 /* MessagesExtension.appex */; settings = {ATTRIBUTES = (RemoveHeadersOnCopy, ); }; };
		369F72501E077C5800CEBA78 /* Messages.framework in Frameworks */ = {isa = PBXBuildFile; fileRef = 369F724F1E077C5800CEBA78 /* Messages.framework */; };
		369F72531E077C5800CEBA78 /* MessagesViewController.swift in Sources */ = {isa = PBXBuildFile; fileRef = 369F72521E077C5800CEBA78 /* MessagesViewController.swift */; };
		369F72561E077C5800CEBA78 /* MainInterface.storyboard in Resources */ = {isa = PBXBuildFile; fileRef = 369F72541E077C5800CEBA78 /* MainInterface.storyboard */; };
		369F72581E077C5800CEBA78 /* Assets.xcassets in Resources */ = {isa = PBXBuildFile; fileRef = 369F72571E077C5800CEBA78 /* Assets.xcassets */; };
/* End PBXBuildFile section */

/* Begin PBXContainerItemProxy section */
		369F724C1E077C5800CEBA78 /* PBXContainerItemProxy */ = {
			isa = PBXContainerItemProxy;
			containerPortal = 369F723A1E077C5700CEBA78 /* Project object */;
			proxyType = 1;
			remoteGlobalIDString = 369F72491E077C5800CEBA78;
			remoteInfo = MessagesExtension;
		};
/* End PBXContainerItemProxy section */

/* Begin PBXCopyFilesBuildPhase section */
		369F725F1E077C5800CEBA78 /* Embed App Extensions */ = {
			isa = PBXCopyFilesBuildPhase;
			buildActionMask = 2147483647;
			dstPath = "";
			dstSubfolderSpec = 13;
			files = (
				369F724B1E077C5800CEBA78 /* MessagesExtension.appex in Embed App Extensions */,
			);
			name = "Embed App Extensions";
			runOnlyForDeploymentPostprocessing = 0;
		};
/* End PBXCopyFilesBuildPhase section */

/* Begin PBXFileReference section */
		369F72401E077C5700CEBA78 /* MessagingAppSample.app */ = {isa = PBXFileReference; explicitFileType = wrapper.application; includeInIndex = 0; path = MessagingAppSample.app; sourceTree = BUILT_PRODUCTS_DIR; };
		369F72431E077C5700CEBA78 /* Assets.xcassets */ = {isa = PBXFileReference; lastKnownFileType = folder.assetcatalog; path = Assets.xcassets; sourceTree = "<group>"; };
		369F72451E077C5700CEBA78 /* Info.plist */ = {isa = PBXFileReference; lastKnownFileType = text.plist.xml; path = Info.plist; sourceTree = "<group>"; };
		369F724A1E077C5800CEBA78 /* MessagesExtension.appex */ = {isa = PBXFileReference; explicitFileType = "wrapper.app-extension"; includeInIndex = 0; path = MessagesExtension.appex; sourceTree = BUILT_PRODUCTS_DIR; };
		369F724F1E077C5800CEBA78 /* Messages.framework */ = {isa = PBXFileReference; lastKnownFileType = wrapper.framework; name = Messages.framework; path = System/Library/Frameworks/Messages.framework; sourceTree = SDKROOT; };
		369F72521E077C5800CEBA78 /* MessagesViewController.swift */ = {isa = PBXFileReference; lastKnownFileType = sourcecode.swift; path = MessagesViewController.swift; sourceTree = "<group>"; };
		369F72551E077C5800CEBA78 /* Base */ = {isa = PBXFileReference; lastKnownFileType = file.storyboard; name = Base; path = Base.lproj/MainInterface.storyboard; sourceTree = "<group>"; };
		369F72571E077C5800CEBA78 /* Assets.xcassets */ = {isa = PBXFileReference; lastKnownFileType = folder.assetcatalog; path = Assets.xcassets; sourceTree = "<group>"; };
		369F72591E077C5800CEBA78 /* Info.plist */ = {isa = PBXFileReference; lastKnownFileType = text.plist.xml; path = Info.plist; sourceTree = "<group>"; };
/* End PBXFileReference section */

/* Begin PBXFrameworksBuildPhase section */
		369F72471E077C5800CEBA78 /* Frameworks */ = {
			isa = PBXFrameworksBuildPhase;
			buildActionMask = 2147483647;
			files = (
				369F72501E077C5800CEBA78 /* Messages.framework in Frameworks */,
			);
			runOnlyForDeploymentPostprocessing = 0;
		};
/* End PBXFrameworksBuildPhase section */

/* Begin PBXGroup section */
		369F72391E077C5700CEBA78 = {
			isa = PBXGroup;
			children = (
				369F72421E077C5700CEBA78 /* MessagingAppSample */,
				369F72511E077C5800CEBA78 /* MessagesExtension */,
				369F724E1E077C5800CEBA78 /* Frameworks */,
				369F72411E077C5700CEBA78 /* Products */,
			);
			sourceTree = "<group>";
		};
		369F72411E077C5700CEBA78 /* Products */ = {
			isa = PBXGroup;
			children = (
				369F72401E077C5700CEBA78 /* MessagingAppSample.app */,
				369F724A1E077C5800CEBA78 /* MessagesExtension.appex */,
			);
			name = Products;
			sourceTree = "<group>";
		};
		369F72421E077C5700CEBA78 /* MessagingAppSample */ = {
			isa = PBXGroup;
			children = (
				369F72431E077C5700CEBA78 /* Assets.xcassets */,
				369F72451E077C5700CEBA78 /* Info.plist */,
			);
			path = MessagingAppSample;
			sourceTree = "<group>";
		};
		369F724E1E077C5800CEBA78 /* Frameworks */ = {
			isa = PBXGroup;
			children = (
				369F724F1E077C5800CEBA78 /* Messages.framework */,
			);
			name = Frameworks;
			sourceTree = "<group>";
		};
		369F72511E077C5800CEBA78 /* MessagesExtension */ = {
			isa = PBXGroup;
			children = (
				369F72521E077C5800CEBA78 /* MessagesViewController.swift */,
				369F72541E077C5800CEBA78 /* MainInterface.storyboard */,
				369F72571E077C5800CEBA78 /* Assets.xcassets */,
				369F72591E077C5800CEBA78 /* Info.plist */,
			);
			path = MessagesExtension;
			sourceTree = "<group>";
		};
/* End PBXGroup section */

/* Begin PBXNativeTarget section */
		369F723F1E077C5700CEBA78 /* MessagingAppSample */ = {
			isa = PBXNativeTarget;
			buildConfigurationList = 369F72601E077C5800CEBA78 /* Build configuration list for PBXNativeTarget "MessagingAppSample" */;
			buildPhases = (
				369F723E1E077C5700CEBA78 /* Resources */,
				369F725F1E077C5800CEBA78 /* Embed App Extensions */,
			);
			buildRules = (
			);
			dependencies = (
				369F724D1E077C5800CEBA78 /* PBXTargetDependency */,
			);
			name = MessagingAppSample;
			productName = MessagingAppSample;
			productReference = 369F72401E077C5700CEBA78 /* MessagingAppSample.app */;
			productType = "com.apple.product-type.application.messages";
		};
		369F72491E077C5800CEBA78 /* MessagesExtension */ = {
			isa = PBXNativeTarget;
			buildConfigurationList = 369F725C1E077C5800CEBA78 /* Build configuration list for PBXNativeTarget "MessagesExtension" */;
			buildPhases = (
				369F72461E077C5800CEBA78 /* Sources */,
				369F72471E077C5800CEBA78 /* Frameworks */,
				369F72481E077C5800CEBA78 /* Resources */,
			);
			buildRules = (
			);
			dependencies = (
			);
			name = MessagesExtension;
			productName = MessagesExtension;
			productReference = 369F724A1E077C5800CEBA78 /* MessagesExtension.appex */;
			productType = "com.apple.product-type.app-extension.messages";
		};
/* End PBXNativeTarget section */

/* Begin PBXProject section */
		369F723A1E077C5700CEBA78 /* Project object */ = {
			isa = PBXProject;
			attributes = {
				LastSwiftUpdateCheck = 0820;
				LastUpgradeCheck = 0820;
				ORGANIZATIONNAME = "Snehal Sutar";
				TargetAttributes = {
					369F723F1E077C5700CEBA78 = {
						CreatedOnToolsVersion = 8.2;
						ProvisioningStyle = Automatic;
					};
					369F72491E077C5800CEBA78 = {
						CreatedOnToolsVersion = 8.2;
						ProvisioningStyle = Automatic;
					};
				};
			};
			buildConfigurationList = 369F723D1E077C5700CEBA78 /* Build configuration list for PBXProject "MessagingAppSample" */;
			compatibilityVersion = "Xcode 3.2";
			developmentRegion = English;
			hasScannedForEncodings = 0;
			knownRegions = (
				en,
				Base,
			);
			mainGroup = 369F72391E077C5700CEBA78;
			productRefGroup = 369F72411E077C5700CEBA78 /* Products */;
			projectDirPath = "";
			projectRoot = "";
			targets = (
				369F723F1E077C5700CEBA78 /* MessagingAppSample */,
				369F72491E077C5800CEBA78 /* MessagesExtension */,
			);
		};
/* End PBXProject section */

/* Begin PBXResourcesBuildPhase section */
		369F723E1E077C5700CEBA78 /* Resources */ = {
			isa = PBXResourcesBuildPhase;
			buildActionMask = 2147483647;
			files = (
				369F72441E077C5700CEBA78 /* Assets.xcassets in Resources */,
			);
			runOnlyForDeploymentPostprocessing = 0;
		};
		369F72481E077C5800CEBA78 /* Resources */ = {
			isa = PBXResourcesBuildPhase;
			buildActionMask = 2147483647;
			files = (
				369F72581E077C5800CEBA78 /* Assets.xcassets in Resources */,
				369F72561E077C5800CEBA78 /* MainInterface.storyboard in Resources */,
			);
			runOnlyForDeploymentPostprocessing = 0;
		};
/* End PBXResourcesBuildPhase section */

/* Begin PBXSourcesBuildPhase section */
		369F72461E077C5800CEBA78 /* Sources */ = {
			isa = PBXSourcesBuildPhase;
			buildActionMask = 2147483647;
			files = (
				369F72531E077C5800CEBA78 /* MessagesViewController.swift in Sources */,
			);
			runOnlyForDeploymentPostprocessing = 0;
		};
/* End PBXSourcesBuildPhase section */

/* Begin PBXTargetDependency section */
		369F724D1E077C5800CEBA78 /* PBXTargetDependency */ = {
			isa = PBXTargetDependency;
			target = 369F72491E077C5800CEBA78 /* MessagesExtension */;
			targetProxy = 369F724C1E077C5800CEBA78 /* PBXContainerItemProxy */;
		};
/* End PBXTargetDependency section */

/* Begin PBXVariantGroup section */
		369F72541E077C5800CEBA78 /* MainInterface.storyboard */ = {
			isa = PBXVariantGroup;
			children = (
				369F72551E077C5800CEBA78 /* Base */,
			);
			name = MainInterface.storyboard;
			sourceTree = "<group>";
		};
/* End PBXVariantGroup section */

/* Begin XCBuildConfiguration section */
		369F725A1E077C5800CEBA78 /* Debug */ = {
			isa = XCBuildConfiguration;
			buildSettings = {
				ALWAYS_SEARCH_USER_PATHS = NO;
				CLANG_ANALYZER_NONNULL = YES;
				CLANG_CXX_LANGUAGE_STANDARD = "gnu++0x";
				CLANG_CXX_LIBRARY = "libc++";
				CLANG_ENABLE_MODULES = YES;
				CLANG_ENABLE_OBJC_ARC = YES;
				CLANG_WARN_BOOL_CONVERSION = YES;
				CLANG_WARN_CONSTANT_CONVERSION = YES;
				CLANG_WARN_DIRECT_OBJC_ISA_USAGE = YES_ERROR;
				CLANG_WARN_DOCUMENTATION_COMMENTS = YES;
				CLANG_WARN_EMPTY_BODY = YES;
				CLANG_WARN_ENUM_CONVERSION = YES;
				CLANG_WARN_INFINITE_RECURSION = YES;
				CLANG_WARN_INT_CONVERSION = YES;
				CLANG_WARN_OBJC_ROOT_CLASS = YES_ERROR;
				CLANG_WARN_SUSPICIOUS_MOVE = YES;
				CLANG_WARN_UNREACHABLE_CODE = YES;
				CLANG_WARN__DUPLICATE_METHOD_MATCH = YES;
				"CODE_SIGN_IDENTITY[sdk=iphoneos*]" = "iPhone Developer";
				COPY_PHASE_STRIP = NO;
				DEBUG_INFORMATION_FORMAT = dwarf;
				ENABLE_STRICT_OBJC_MSGSEND = YES;
				ENABLE_TESTABILITY = YES;
				GCC_C_LANGUAGE_STANDARD = gnu99;
				GCC_DYNAMIC_NO_PIC = NO;
				GCC_NO_COMMON_BLOCKS = YES;
				GCC_OPTIMIZATION_LEVEL = 0;
				GCC_PREPROCESSOR_DEFINITIONS = (
					"DEBUG=1",
					"$(inherited)",
				);
				GCC_WARN_64_TO_32_BIT_CONVERSION = YES;
				GCC_WARN_ABOUT_RETURN_TYPE = YES_ERROR;
				GCC_WARN_UNDECLARED_SELECTOR = YES;
				GCC_WARN_UNINITIALIZED_AUTOS = YES_AGGRESSIVE;
				GCC_WARN_UNUSED_FUNCTION = YES;
				GCC_WARN_UNUSED_VARIABLE = YES;
				IPHONEOS_DEPLOYMENT_TARGET = 10.2;
				MTL_ENABLE_DEBUG_INFO = YES;
				ONLY_ACTIVE_ARCH = YES;
				SDKROOT = iphoneos;
				SWIFT_ACTIVE_COMPILATION_CONDITIONS = DEBUG;
				SWIFT_OPTIMIZATION_LEVEL = "-Onone";
				TARGETED_DEVICE_FAMILY = "1,2";
			};
			name = Debug;
		};
		369F725B1E077C5800CEBA78 /* Release */ = {
			isa = XCBuildConfiguration;
			buildSettings = {
				ALWAYS_SEARCH_USER_PATHS = NO;
				CLANG_ANALYZER_NONNULL = YES;
				CLANG_CXX_LANGUAGE_STANDARD = "gnu++0x";
				CLANG_CXX_LIBRARY = "libc++";
				CLANG_ENABLE_MODULES = YES;
				CLANG_ENABLE_OBJC_ARC = YES;
				CLANG_WARN_BOOL_CONVERSION = YES;
				CLANG_WARN_CONSTANT_CONVERSION = YES;
				CLANG_WARN_DIRECT_OBJC_ISA_USAGE = YES_ERROR;
				CLANG_WARN_DOCUMENTATION_COMMENTS = YES;
				CLANG_WARN_EMPTY_BODY = YES;
				CLANG_WARN_ENUM_CONVERSION = YES;
				CLANG_WARN_INFINITE_RECURSION = YES;
				CLANG_WARN_INT_CONVERSION = YES;
				CLANG_WARN_OBJC_ROOT_CLASS = YES_ERROR;
				CLANG_WARN_SUSPICIOUS_MOVE = YES;
				CLANG_WARN_UNREACHABLE_CODE = YES;
				CLANG_WARN__DUPLICATE_METHOD_MATCH = YES;
				"CODE_SIGN_IDENTITY[sdk=iphoneos*]" = "iPhone Developer";
				COPY_PHASE_STRIP = NO;
				DEBUG_INFORMATION_FORMAT = "dwarf-with-dsym";
				ENABLE_NS_ASSERTIONS = NO;
				ENABLE_STRICT_OBJC_MSGSEND = YES;
				GCC_C_LANGUAGE_STANDARD = gnu99;
				GCC_NO_COMMON_BLOCKS = YES;
				GCC_WARN_64_TO_32_BIT_CONVERSION = YES;
				GCC_WARN_ABOUT_RETURN_TYPE = YES_ERROR;
				GCC_WARN_UNDECLARED_SELECTOR = YES;
				GCC_WARN_UNINITIALIZED_AUTOS = YES_AGGRESSIVE;
				GCC_WARN_UNUSED_FUNCTION = YES;
				GCC_WARN_UNUSED_VARIABLE = YES;
				IPHONEOS_DEPLOYMENT_TARGET = 10.2;
				MTL_ENABLE_DEBUG_INFO = NO;
				SDKROOT = iphoneos;
				SWIFT_OPTIMIZATION_LEVEL = "-Owholemodule";
				TARGETED_DEVICE_FAMILY = "1,2";
				VALIDATE_PRODUCT = YES;
			};
			name = Release;
		};
		369F725D1E077C5800CEBA78 /* Debug */ = {
			isa = XCBuildConfiguration;
			buildSettings = {
				ASSETCATALOG_COMPILER_APPICON_NAME = "iMessage App Icon";
				INFOPLIST_FILE = MessagesExtension/Info.plist;
				LD_RUNPATH_SEARCH_PATHS = "$(inherited) @executable_path/Frameworks @executable_path/../../Frameworks";
				PRODUCT_BUNDLE_IDENTIFIER = com.svs.MessagingAppSample.MessagesExtension;
				PRODUCT_NAME = "$(TARGET_NAME)";
				SKIP_INSTALL = YES;
				SWIFT_VERSION = 3.0;
			};
			name = Debug;
		};
		369F725E1E077C5800CEBA78 /* Release */ = {
			isa = XCBuildConfiguration;
			buildSettings = {
				ASSETCATALOG_COMPILER_APPICON_NAME = "iMessage App Icon";
				INFOPLIST_FILE = MessagesExtension/Info.plist;
				LD_RUNPATH_SEARCH_PATHS = "$(inherited) @executable_path/Frameworks @executable_path/../../Frameworks";
				PRODUCT_BUNDLE_IDENTIFIER = com.svs.MessagingAppSample.MessagesExtension;
				PRODUCT_NAME = "$(TARGET_NAME)";
				SKIP_INSTALL = YES;
				SWIFT_VERSION = 3.0;
			};
			name = Release;
		};
		369F72611E077C5800CEBA78 /* Debug */ = {
			isa = XCBuildConfiguration;
			buildSettings = {
				ALWAYS_EMBED_SWIFT_STANDARD_LIBRARIES = YES;
				ASSETCATALOG_COMPILER_APPICON_NAME = AppIcon;
				INFOPLIST_FILE = MessagingAppSample/Info.plist;
				PRODUCT_BUNDLE_IDENTIFIER = com.svs.MessagingAppSample;
				PRODUCT_NAME = "$(TARGET_NAME)";
				SWIFT_VERSION = 3.0;
			};
			name = Debug;
		};
		369F72621E077C5800CEBA78 /* Release */ = {
			isa = XCBuildConfiguration;
			buildSettings = {
				ALWAYS_EMBED_SWIFT_STANDARD_LIBRARIES = YES;
				ASSETCATALOG_COMPILER_APPICON_NAME = AppIcon;
				INFOPLIST_FILE = MessagingAppSample/Info.plist;
				PRODUCT_BUNDLE_IDENTIFIER = com.svs.MessagingAppSample;
				PRODUCT_NAME = "$(TARGET_NAME)";
				SWIFT_VERSION = 3.0;
			};
			name = Release;
		};
/* End XCBuildConfiguration section */

/* Begin XCConfigurationList section */
		369F723D1E077C5700CEBA78 /* Build configuration list for PBXProject "MessagingAppSample" */ = {
			isa = XCConfigurationList;
			buildConfigurations = (
				369F725A1E077C5800CEBA78 /* Debug */,
				369F725B1E077C5800CEBA78 /* Release */,
			);
			defaultConfigurationIsVisible = 0;
			defaultConfigurationName = Release;
		};
		369F725C1E077C5800CEBA78 /* Build configuration list for PBXNativeTarget "MessagesExtension" */ = {
			isa = XCConfigurationList;
			buildConfigurations = (
				369F725D1E077C5800CEBA78 /* Debug */,
				369F725E1E077C5800CEBA78 /* Release */,
			);
			defaultConfigurationIsVisible = 0;
		};
		369F72601E077C5800CEBA78 /* Build configuration list for PBXNativeTarget "MessagingAppSample" */ = {
			isa = XCConfigurationList;
			buildConfigurations = (
				369F72611E077C5800CEBA78 /* Debug */,
				369F72621E077C5800CEBA78 /* Release */,
			);
			defaultConfigurationIsVisible = 0;
		};
/* End XCConfigurationList section */
	};
	rootObject = 369F723A1E077C5700CEBA78 /* Project object */;
}
