// !$*UTF8*$!
{
	archiveVersion = 1;
	classes = {
	};
	objectVersion = 46;
	objects = {

/* Begin PBXBuildFile section */
		369D04401DD422690001EF57 /* Constants.swift in Sources */ = {isa = PBXBuildFile; fileRef = 369D043F1DD422690001EF57 /* Constants.swift */; };
		36F458C81DD1774C00ED93C2 /* AppDelegate.swift in Sources */ = {isa = PBXBuildFile; fileRef = 36F458C71DD1774C00ED93C2 /* AppDelegate.swift */; };
		36F458CA1DD1774C00ED93C2 /* WeatherVC.swift in Sources */ = {isa = PBXBuildFile; fileRef = 36F458C91DD1774C00ED93C2 /* WeatherVC.swift */; };
		36F458CD1DD1774C00ED93C2 /* Main.storyboard in Resources */ = {isa = PBXBuildFile; fileRef = 36F458CB1DD1774C00ED93C2 /* Main.storyboard */; };
		36F458D01DD1774C00ED93C2 /* WeatherApp.xcdatamodeld in Sources */ = {isa = PBXBuildFile; fileRef = 36F458CE1DD1774C00ED93C2 /* WeatherApp.xcdatamodeld */; };
		36F458D21DD1774C00ED93C2 /* Assets.xcassets in Resources */ = {isa = PBXBuildFile; fileRef = 36F458D11DD1774C00ED93C2 /* Assets.xcassets */; };
		36F458D51DD1774C00ED93C2 /* LaunchScreen.storyboard in Resources */ = {isa = PBXBuildFile; fileRef = 36F458D31DD1774C00ED93C2 /* LaunchScreen.storyboard */; };
		36F458E01DD1774C00ED93C2 /* WeatherAppTests.swift in Sources */ = {isa = PBXBuildFile; fileRef = 36F458DF1DD1774C00ED93C2 /* WeatherAppTests.swift */; };
		36F458EB1DD1774C00ED93C2 /* WeatherAppUITests.swift in Sources */ = {isa = PBXBuildFile; fileRef = 36F458EA1DD1774C00ED93C2 /* WeatherAppUITests.swift */; };
		460BD984B98F34EFA229BCF1 /* Pods_WeatherApp.framework in Frameworks */ = {isa = PBXBuildFile; fileRef = C88FD96CDCBC1266DE24359E /* Pods_WeatherApp.framework */; };
/* End PBXBuildFile section */

/* Begin PBXContainerItemProxy section */
		36F458DC1DD1774C00ED93C2 /* PBXContainerItemProxy */ = {
			isa = PBXContainerItemProxy;
			containerPortal = 36F458BC1DD1774B00ED93C2 /* Project object */;
			proxyType = 1;
			remoteGlobalIDString = 36F458C31DD1774B00ED93C2;
			remoteInfo = WeatherApp;
		};
		36F458E71DD1774C00ED93C2 /* PBXContainerItemProxy */ = {
			isa = PBXContainerItemProxy;
			containerPortal = 36F458BC1DD1774B00ED93C2 /* Project object */;
			proxyType = 1;
			remoteGlobalIDString = 36F458C31DD1774B00ED93C2;
			remoteInfo = WeatherApp;
		};
/* End PBXContainerItemProxy section */

/* Begin PBXFileReference section */
		369D043F1DD422690001EF57 /* Constants.swift */ = {isa = PBXFileReference; fileEncoding = 4; lastKnownFileType = sourcecode.swift; path = Constants.swift; sourceTree = "<group>"; };
		36F458C41DD1774C00ED93C2 /* WeatherApp.app */ = {isa = PBXFileReference; explicitFileType = wrapper.application; includeInIndex = 0; path = WeatherApp.app; sourceTree = BUILT_PRODUCTS_DIR; };
		36F458C71DD1774C00ED93C2 /* AppDelegate.swift */ = {isa = PBXFileReference; lastKnownFileType = sourcecode.swift; path = AppDelegate.swift; sourceTree = "<group>"; };
		36F458C91DD1774C00ED93C2 /* WeatherVC.swift */ = {isa = PBXFileReference; lastKnownFileType = sourcecode.swift; path = WeatherVC.swift; sourceTree = "<group>"; };
		36F458CC1DD1774C00ED93C2 /* Base */ = {isa = PBXFileReference; lastKnownFileType = file.storyboard; name = Base; path = Base.lproj/Main.storyboard; sourceTree = "<group>"; };
		36F458CF1DD1774C00ED93C2 /* WeatherApp.xcdatamodel */ = {isa = PBXFileReference; lastKnownFileType = wrapper.xcdatamodel; path = WeatherApp.xcdatamodel; sourceTree = "<group>"; };
		36F458D11DD1774C00ED93C2 /* Assets.xcassets */ = {isa = PBXFileReference; lastKnownFileType = folder.assetcatalog; path = Assets.xcassets; sourceTree = "<group>"; };
		36F458D41DD1774C00ED93C2 /* Base */ = {isa = PBXFileReference; lastKnownFileType = file.storyboard; name = Base; path = Base.lproj/LaunchScreen.storyboard; sourceTree = "<group>"; };
		36F458D61DD1774C00ED93C2 /* Info.plist */ = {isa = PBXFileReference; lastKnownFileType = text.plist.xml; path = Info.plist; sourceTree = "<group>"; };
		36F458DB1DD1774C00ED93C2 /* WeatherAppTests.xctest */ = {isa = PBXFileReference; explicitFileType = wrapper.cfbundle; includeInIndex = 0; path = WeatherAppTests.xctest; sourceTree = BUILT_PRODUCTS_DIR; };
		36F458DF1DD1774C00ED93C2 /* WeatherAppTests.swift */ = {isa = PBXFileReference; lastKnownFileType = sourcecode.swift; path = WeatherAppTests.swift; sourceTree = "<group>"; };
		36F458E11DD1774C00ED93C2 /* Info.plist */ = {isa = PBXFileReference; lastKnownFileType = text.plist.xml; path = Info.plist; sourceTree = "<group>"; };
		36F458E61DD1774C00ED93C2 /* WeatherAppUITests.xctest */ = {isa = PBXFileReference; explicitFileType = wrapper.cfbundle; includeInIndex = 0; path = WeatherAppUITests.xctest; sourceTree = BUILT_PRODUCTS_DIR; };
		36F458EA1DD1774C00ED93C2 /* WeatherAppUITests.swift */ = {isa = PBXFileReference; lastKnownFileType = sourcecode.swift; path = WeatherAppUITests.swift; sourceTree = "<group>"; };
		36F458EC1DD1774C00ED93C2 /* Info.plist */ = {isa = PBXFileReference; lastKnownFileType = text.plist.xml; path = Info.plist; sourceTree = "<group>"; };
		A2A22FC1308F4578096F4EF1 /* Pods-WeatherApp.release.xcconfig */ = {isa = PBXFileReference; includeInIndex = 1; lastKnownFileType = text.xcconfig; name = "Pods-WeatherApp.release.xcconfig"; path = "Pods/Target Support Files/Pods-WeatherApp/Pods-WeatherApp.release.xcconfig"; sourceTree = "<group>"; };
		C88FD96CDCBC1266DE24359E /* Pods_WeatherApp.framework */ = {isa = PBXFileReference; explicitFileType = wrapper.framework; includeInIndex = 0; path = Pods_WeatherApp.framework; sourceTree = BUILT_PRODUCTS_DIR; };
		ECAD4AFD80508B932E0A07DE /* Pods-WeatherApp.debug.xcconfig */ = {isa = PBXFileReference; includeInIndex = 1; lastKnownFileType = text.xcconfig; name = "Pods-WeatherApp.debug.xcconfig"; path = "Pods/Target Support Files/Pods-WeatherApp/Pods-WeatherApp.debug.xcconfig"; sourceTree = "<group>"; };
/* End PBXFileReference section */

/* Begin PBXFrameworksBuildPhase section */
		36F458C11DD1774B00ED93C2 /* Frameworks */ = {
			isa = PBXFrameworksBuildPhase;
			buildActionMask = 2147483647;
			files = (
				460BD984B98F34EFA229BCF1 /* Pods_WeatherApp.framework in Frameworks */,
			);
			runOnlyForDeploymentPostprocessing = 0;
		};
		36F458D81DD1774C00ED93C2 /* Frameworks */ = {
			isa = PBXFrameworksBuildPhase;
			buildActionMask = 2147483647;
			files = (
			);
			runOnlyForDeploymentPostprocessing = 0;
		};
		36F458E31DD1774C00ED93C2 /* Frameworks */ = {
			isa = PBXFrameworksBuildPhase;
			buildActionMask = 2147483647;
			files = (
			);
			runOnlyForDeploymentPostprocessing = 0;
		};
/* End PBXFrameworksBuildPhase section */

/* Begin PBXGroup section */
		36F458BB1DD1774B00ED93C2 = {
			isa = PBXGroup;
			children = (
				36F458C61DD1774C00ED93C2 /* WeatherApp */,
				36F458DE1DD1774C00ED93C2 /* WeatherAppTests */,
				36F458E91DD1774C00ED93C2 /* WeatherAppUITests */,
				36F458C51DD1774C00ED93C2 /* Products */,
				C8589860B92030203087518F /* Pods */,
				5736DD0C260595C067E7F9E1 /* Frameworks */,
			);
			sourceTree = "<group>";
		};
		36F458C51DD1774C00ED93C2 /* Products */ = {
			isa = PBXGroup;
			children = (
				36F458C41DD1774C00ED93C2 /* WeatherApp.app */,
				36F458DB1DD1774C00ED93C2 /* WeatherAppTests.xctest */,
				36F458E61DD1774C00ED93C2 /* WeatherAppUITests.xctest */,
			);
			name = Products;
			sourceTree = "<group>";
		};
		36F458C61DD1774C00ED93C2 /* WeatherApp */ = {
			isa = PBXGroup;
			children = (
				36F458C71DD1774C00ED93C2 /* AppDelegate.swift */,
				36F458C91DD1774C00ED93C2 /* WeatherVC.swift */,
				36F458CB1DD1774C00ED93C2 /* Main.storyboard */,
				36F458D11DD1774C00ED93C2 /* Assets.xcassets */,
				36F458D31DD1774C00ED93C2 /* LaunchScreen.storyboard */,
				36F458D61DD1774C00ED93C2 /* Info.plist */,
				36F458CE1DD1774C00ED93C2 /* WeatherApp.xcdatamodeld */,
				369D043F1DD422690001EF57 /* Constants.swift */,
			);
			path = WeatherApp;
			sourceTree = "<group>";
		};
		36F458DE1DD1774C00ED93C2 /* WeatherAppTests */ = {
			isa = PBXGroup;
			children = (
				36F458DF1DD1774C00ED93C2 /* WeatherAppTests.swift */,
				36F458E11DD1774C00ED93C2 /* Info.plist */,
			);
			path = WeatherAppTests;
			sourceTree = "<group>";
		};
		36F458E91DD1774C00ED93C2 /* WeatherAppUITests */ = {
			isa = PBXGroup;
			children = (
				36F458EA1DD1774C00ED93C2 /* WeatherAppUITests.swift */,
				36F458EC1DD1774C00ED93C2 /* Info.plist */,
			);
			path = WeatherAppUITests;
			sourceTree = "<group>";
		};
		5736DD0C260595C067E7F9E1 /* Frameworks */ = {
			isa = PBXGroup;
			children = (
				C88FD96CDCBC1266DE24359E /* Pods_WeatherApp.framework */,
			);
			name = Frameworks;
			sourceTree = "<group>";
		};
		C8589860B92030203087518F /* Pods */ = {
			isa = PBXGroup;
			children = (
				ECAD4AFD80508B932E0A07DE /* Pods-WeatherApp.debug.xcconfig */,
				A2A22FC1308F4578096F4EF1 /* Pods-WeatherApp.release.xcconfig */,
			);
			name = Pods;
			sourceTree = "<group>";
		};
/* End PBXGroup section */

/* Begin PBXNativeTarget section */
		36F458C31DD1774B00ED93C2 /* WeatherApp */ = {
			isa = PBXNativeTarget;
			buildConfigurationList = 36F458EF1DD1774C00ED93C2 /* Build configuration list for PBXNativeTarget "WeatherApp" */;
			buildPhases = (
				108852C8FC595F704179FD54 /* [CP] Check Pods Manifest.lock */,
				36F458C01DD1774B00ED93C2 /* Sources */,
				36F458C11DD1774B00ED93C2 /* Frameworks */,
				36F458C21DD1774B00ED93C2 /* Resources */,
				C9D165EBC629A320CFF9E839 /* [CP] Embed Pods Frameworks */,
				64CC911E0368BE4629B4DBDA /* [CP] Copy Pods Resources */,
			);
			buildRules = (
			);
			dependencies = (
			);
			name = WeatherApp;
			productName = WeatherApp;
			productReference = 36F458C41DD1774C00ED93C2 /* WeatherApp.app */;
			productType = "com.apple.product-type.application";
		};
		36F458DA1DD1774C00ED93C2 /* WeatherAppTests */ = {
			isa = PBXNativeTarget;
			buildConfigurationList = 36F458F21DD1774C00ED93C2 /* Build configuration list for PBXNativeTarget "WeatherAppTests" */;
			buildPhases = (
				36F458D71DD1774C00ED93C2 /* Sources */,
				36F458D81DD1774C00ED93C2 /* Frameworks */,
				36F458D91DD1774C00ED93C2 /* Resources */,
			);
			buildRules = (
			);
			dependencies = (
				36F458DD1DD1774C00ED93C2 /* PBXTargetDependency */,
			);
			name = WeatherAppTests;
			productName = WeatherAppTests;
			productReference = 36F458DB1DD1774C00ED93C2 /* WeatherAppTests.xctest */;
			productType = "com.apple.product-type.bundle.unit-test";
		};
		36F458E51DD1774C00ED93C2 /* WeatherAppUITests */ = {
			isa = PBXNativeTarget;
			buildConfigurationList = 36F458F51DD1774C00ED93C2 /* Build configuration list for PBXNativeTarget "WeatherAppUITests" */;
			buildPhases = (
				36F458E21DD1774C00ED93C2 /* Sources */,
				36F458E31DD1774C00ED93C2 /* Frameworks */,
				36F458E41DD1774C00ED93C2 /* Resources */,
			);
			buildRules = (
			);
			dependencies = (
				36F458E81DD1774C00ED93C2 /* PBXTargetDependency */,
			);
			name = WeatherAppUITests;
			productName = WeatherAppUITests;
			productReference = 36F458E61DD1774C00ED93C2 /* WeatherAppUITests.xctest */;
			productType = "com.apple.product-type.bundle.ui-testing";
		};
/* End PBXNativeTarget section */

/* Begin PBXProject section */
		36F458BC1DD1774B00ED93C2 /* Project object */ = {
			isa = PBXProject;
			attributes = {
				LastSwiftUpdateCheck = 0810;
				LastUpgradeCheck = 0810;
				ORGANIZATIONNAME = "Snehal Sutar";
				TargetAttributes = {
					36F458C31DD1774B00ED93C2 = {
						CreatedOnToolsVersion = 8.1;
						ProvisioningStyle = Automatic;
					};
					36F458DA1DD1774C00ED93C2 = {
						CreatedOnToolsVersion = 8.1;
						ProvisioningStyle = Automatic;
						TestTargetID = 36F458C31DD1774B00ED93C2;
					};
					36F458E51DD1774C00ED93C2 = {
						CreatedOnToolsVersion = 8.1;
						ProvisioningStyle = Automatic;
						TestTargetID = 36F458C31DD1774B00ED93C2;
					};
				};
			};
			buildConfigurationList = 36F458BF1DD1774B00ED93C2 /* Build configuration list for PBXProject "WeatherApp" */;
			compatibilityVersion = "Xcode 3.2";
			developmentRegion = English;
			hasScannedForEncodings = 0;
			knownRegions = (
				en,
				Base,
			);
			mainGroup = 36F458BB1DD1774B00ED93C2;
			productRefGroup = 36F458C51DD1774C00ED93C2 /* Products */;
			projectDirPath = "";
			projectRoot = "";
			targets = (
				36F458C31DD1774B00ED93C2 /* WeatherApp */,
				36F458DA1DD1774C00ED93C2 /* WeatherAppTests */,
				36F458E51DD1774C00ED93C2 /* WeatherAppUITests */,
			);
		};
/* End PBXProject section */

/* Begin PBXResourcesBuildPhase section */
		36F458C21DD1774B00ED93C2 /* Resources */ = {
			isa = PBXResourcesBuildPhase;
			buildActionMask = 2147483647;
			files = (
				36F458D51DD1774C00ED93C2 /* LaunchScreen.storyboard in Resources */,
				36F458D21DD1774C00ED93C2 /* Assets.xcassets in Resources */,
				36F458CD1DD1774C00ED93C2 /* Main.storyboard in Resources */,
			);
			runOnlyForDeploymentPostprocessing = 0;
		};
		36F458D91DD1774C00ED93C2 /* Resources */ = {
			isa = PBXResourcesBuildPhase;
			buildActionMask = 2147483647;
			files = (
			);
			runOnlyForDeploymentPostprocessing = 0;
		};
		36F458E41DD1774C00ED93C2 /* Resources */ = {
			isa = PBXResourcesBuildPhase;
			buildActionMask = 2147483647;
			files = (
			);
			runOnlyForDeploymentPostprocessing = 0;
		};
/* End PBXResourcesBuildPhase section */

/* Begin PBXShellScriptBuildPhase section */
		108852C8FC595F704179FD54 /* [CP] Check Pods Manifest.lock */ = {
			isa = PBXShellScriptBuildPhase;
			buildActionMask = 2147483647;
			files = (
			);
			inputPaths = (
			);
			name = "[CP] Check Pods Manifest.lock";
			outputPaths = (
			);
			runOnlyForDeploymentPostprocessing = 0;
			shellPath = /bin/sh;
			shellScript = "diff \"${PODS_ROOT}/../Podfile.lock\" \"${PODS_ROOT}/Manifest.lock\" > /dev/null\nif [ $? != 0 ] ; then\n    # print error to STDERR\n    echo \"error: The sandbox is not in sync with the Podfile.lock. Run 'pod install' or update your CocoaPods installation.\" >&2\n    exit 1\nfi\n";
			showEnvVarsInLog = 0;
		};
		64CC911E0368BE4629B4DBDA /* [CP] Copy Pods Resources */ = {
			isa = PBXShellScriptBuildPhase;
			buildActionMask = 2147483647;
			files = (
			);
			inputPaths = (
			);
			name = "[CP] Copy Pods Resources";
			outputPaths = (
			);
			runOnlyForDeploymentPostprocessing = 0;
			shellPath = /bin/sh;
			shellScript = "\"${SRCROOT}/Pods/Target Support Files/Pods-WeatherApp/Pods-WeatherApp-resources.sh\"\n";
			showEnvVarsInLog = 0;
		};
		C9D165EBC629A320CFF9E839 /* [CP] Embed Pods Frameworks */ = {
			isa = PBXShellScriptBuildPhase;
			buildActionMask = 2147483647;
			files = (
			);
			inputPaths = (
			);
			name = "[CP] Embed Pods Frameworks";
			outputPaths = (
			);
			runOnlyForDeploymentPostprocessing = 0;
			shellPath = /bin/sh;
			shellScript = "\"${SRCROOT}/Pods/Target Support Files/Pods-WeatherApp/Pods-WeatherApp-frameworks.sh\"\n";
			showEnvVarsInLog = 0;
		};
/* End PBXShellScriptBuildPhase section */

/* Begin PBXSourcesBuildPhase section */
		36F458C01DD1774B00ED93C2 /* Sources */ = {
			isa = PBXSourcesBuildPhase;
			buildActionMask = 2147483647;
			files = (
				36F458D01DD1774C00ED93C2 /* WeatherApp.xcdatamodeld in Sources */,
				36F458CA1DD1774C00ED93C2 /* WeatherVC.swift in Sources */,
				36F458C81DD1774C00ED93C2 /* AppDelegate.swift in Sources */,
				369D04401DD422690001EF57 /* Constants.swift in Sources */,
			);
			runOnlyForDeploymentPostprocessing = 0;
		};
		36F458D71DD1774C00ED93C2 /* Sources */ = {
			isa = PBXSourcesBuildPhase;
			buildActionMask = 2147483647;
			files = (
				36F458E01DD1774C00ED93C2 /* WeatherAppTests.swift in Sources */,
			);
			runOnlyForDeploymentPostprocessing = 0;
		};
		36F458E21DD1774C00ED93C2 /* Sources */ = {
			isa = PBXSourcesBuildPhase;
			buildActionMask = 2147483647;
			files = (
				36F458EB1DD1774C00ED93C2 /* WeatherAppUITests.swift in Sources */,
			);
			runOnlyForDeploymentPostprocessing = 0;
		};
/* End PBXSourcesBuildPhase section */

/* Begin PBXTargetDependency section */
		36F458DD1DD1774C00ED93C2 /* PBXTargetDependency */ = {
			isa = PBXTargetDependency;
			target = 36F458C31DD1774B00ED93C2 /* WeatherApp */;
			targetProxy = 36F458DC1DD1774C00ED93C2 /* PBXContainerItemProxy */;
		};
		36F458E81DD1774C00ED93C2 /* PBXTargetDependency */ = {
			isa = PBXTargetDependency;
			target = 36F458C31DD1774B00ED93C2 /* WeatherApp */;
			targetProxy = 36F458E71DD1774C00ED93C2 /* PBXContainerItemProxy */;
		};
/* End PBXTargetDependency section */

/* Begin PBXVariantGroup section */
		36F458CB1DD1774C00ED93C2 /* Main.storyboard */ = {
			isa = PBXVariantGroup;
			children = (
				36F458CC1DD1774C00ED93C2 /* Base */,
			);
			name = Main.storyboard;
			sourceTree = "<group>";
		};
		36F458D31DD1774C00ED93C2 /* LaunchScreen.storyboard */ = {
			isa = PBXVariantGroup;
			children = (
				36F458D41DD1774C00ED93C2 /* Base */,
			);
			name = LaunchScreen.storyboard;
			sourceTree = "<group>";
		};
/* End PBXVariantGroup section */

/* Begin XCBuildConfiguration section */
		36F458ED1DD1774C00ED93C2 /* Debug */ = {
			isa = XCBuildConfiguration;
			buildSettings = {
				ALWAYS_SEARCH_USER_PATHS = NO;
				CLANG_ANALYZER_NONNULL = YES;
				CLANG_CXX_LANGUAGE_STANDARD = "gnu++0x";
				CLANG_CXX_LIBRARY = "libc++";
				CLANG_ENABLE_MODULES = YES;
				CLANG_ENABLE_OBJC_ARC = YES;
				CLANG_WARN_BOOL_CONVERSION = YES;
				CLANG_WARN_CONSTANT_CONVERSION = YES;
				CLANG_WARN_DIRECT_OBJC_ISA_USAGE = YES_ERROR;
				CLANG_WARN_DOCUMENTATION_COMMENTS = YES;
				CLANG_WARN_EMPTY_BODY = YES;
				CLANG_WARN_ENUM_CONVERSION = YES;
				CLANG_WARN_INFINITE_RECURSION = YES;
				CLANG_WARN_INT_CONVERSION = YES;
				CLANG_WARN_OBJC_ROOT_CLASS = YES_ERROR;
				CLANG_WARN_SUSPICIOUS_MOVES = YES;
				CLANG_WARN_UNREACHABLE_CODE = YES;
				CLANG_WARN__DUPLICATE_METHOD_MATCH = YES;
				"CODE_SIGN_IDENTITY[sdk=iphoneos*]" = "iPhone Developer";
				COPY_PHASE_STRIP = NO;
				DEBUG_INFORMATION_FORMAT = dwarf;
				ENABLE_STRICT_OBJC_MSGSEND = YES;
				ENABLE_TESTABILITY = YES;
				GCC_C_LANGUAGE_STANDARD = gnu99;
				GCC_DYNAMIC_NO_PIC = NO;
				GCC_NO_COMMON_BLOCKS = YES;
				GCC_OPTIMIZATION_LEVEL = 0;
				GCC_PREPROCESSOR_DEFINITIONS = (
					"DEBUG=1",
					"$(inherited)",
				);
				GCC_WARN_64_TO_32_BIT_CONVERSION = YES;
				GCC_WARN_ABOUT_RETURN_TYPE = YES_ERROR;
				GCC_WARN_UNDECLARED_SELECTOR = YES;
				GCC_WARN_UNINITIALIZED_AUTOS = YES_AGGRESSIVE;
				GCC_WARN_UNUSED_FUNCTION = YES;
				GCC_WARN_UNUSED_VARIABLE = YES;
				IPHONEOS_DEPLOYMENT_TARGET = 10.1;
				MTL_ENABLE_DEBUG_INFO = YES;
				ONLY_ACTIVE_ARCH = YES;
				SDKROOT = iphoneos;
				SWIFT_ACTIVE_COMPILATION_CONDITIONS = DEBUG;
				SWIFT_OPTIMIZATION_LEVEL = "-Onone";
				TARGETED_DEVICE_FAMILY = "1,2";
			};
			name = Debug;
		};
		36F458EE1DD1774C00ED93C2 /* Release */ = {
			isa = XCBuildConfiguration;
			buildSettings = {
				ALWAYS_SEARCH_USER_PATHS = NO;
				CLANG_ANALYZER_NONNULL = YES;
				CLANG_CXX_LANGUAGE_STANDARD = "gnu++0x";
				CLANG_CXX_LIBRARY = "libc++";
				CLANG_ENABLE_MODULES = YES;
				CLANG_ENABLE_OBJC_ARC = YES;
				CLANG_WARN_BOOL_CONVERSION = YES;
				CLANG_WARN_CONSTANT_CONVERSION = YES;
				CLANG_WARN_DIRECT_OBJC_ISA_USAGE = YES_ERROR;
				CLANG_WARN_DOCUMENTATION_COMMENTS = YES;
				CLANG_WARN_EMPTY_BODY = YES;
				CLANG_WARN_ENUM_CONVERSION = YES;
				CLANG_WARN_INFINITE_RECURSION = YES;
				CLANG_WARN_INT_CONVERSION = YES;
				CLANG_WARN_OBJC_ROOT_CLASS = YES_ERROR;
				CLANG_WARN_SUSPICIOUS_MOVES = YES;
				CLANG_WARN_UNREACHABLE_CODE = YES;
				CLANG_WARN__DUPLICATE_METHOD_MATCH = YES;
				"CODE_SIGN_IDENTITY[sdk=iphoneos*]" = "iPhone Developer";
				COPY_PHASE_STRIP = NO;
				DEBUG_INFORMATION_FORMAT = "dwarf-with-dsym";
				ENABLE_NS_ASSERTIONS = NO;
				ENABLE_STRICT_OBJC_MSGSEND = YES;
				GCC_C_LANGUAGE_STANDARD = gnu99;
				GCC_NO_COMMON_BLOCKS = YES;
				GCC_WARN_64_TO_32_BIT_CONVERSION = YES;
				GCC_WARN_ABOUT_RETURN_TYPE = YES_ERROR;
				GCC_WARN_UNDECLARED_SELECTOR = YES;
				GCC_WARN_UNINITIALIZED_AUTOS = YES_AGGRESSIVE;
				GCC_WARN_UNUSED_FUNCTION = YES;
				GCC_WARN_UNUSED_VARIABLE = YES;
				IPHONEOS_DEPLOYMENT_TARGET = 10.1;
				MTL_ENABLE_DEBUG_INFO = NO;
				SDKROOT = iphoneos;
				SWIFT_OPTIMIZATION_LEVEL = "-Owholemodule";
				TARGETED_DEVICE_FAMILY = "1,2";
				VALIDATE_PRODUCT = YES;
			};
			name = Release;
		};
		36F458F01DD1774C00ED93C2 /* Debug */ = {
			isa = XCBuildConfiguration;
			baseConfigurationReference = ECAD4AFD80508B932E0A07DE /* Pods-WeatherApp.debug.xcconfig */;
			buildSettings = {
				ASSETCATALOG_COMPILER_APPICON_NAME = AppIcon;
				INFOPLIST_FILE = WeatherApp/Info.plist;
				LD_RUNPATH_SEARCH_PATHS = "$(inherited) @executable_path/Frameworks";
				PRODUCT_BUNDLE_IDENTIFIER = com.svs.WeatherApp;
				PRODUCT_NAME = "$(TARGET_NAME)";
				SWIFT_VERSION = 3.0;
			};
			name = Debug;
		};
		36F458F11DD1774C00ED93C2 /* Release */ = {
			isa = XCBuildConfiguration;
			baseConfigurationReference = A2A22FC1308F4578096F4EF1 /* Pods-WeatherApp.release.xcconfig */;
			buildSettings = {
				ASSETCATALOG_COMPILER_APPICON_NAME = AppIcon;
				INFOPLIST_FILE = WeatherApp/Info.plist;
				LD_RUNPATH_SEARCH_PATHS = "$(inherited) @executable_path/Frameworks";
				PRODUCT_BUNDLE_IDENTIFIER = com.svs.WeatherApp;
				PRODUCT_NAME = "$(TARGET_NAME)";
				SWIFT_VERSION = 3.0;
			};
			name = Release;
		};
		36F458F31DD1774C00ED93C2 /* Debug */ = {
			isa = XCBuildConfiguration;
			buildSettings = {
				ALWAYS_EMBED_SWIFT_STANDARD_LIBRARIES = YES;
				BUNDLE_LOADER = "$(TEST_HOST)";
				INFOPLIST_FILE = WeatherAppTests/Info.plist;
				LD_RUNPATH_SEARCH_PATHS = "$(inherited) @executable_path/Frameworks @loader_path/Frameworks";
				PRODUCT_BUNDLE_IDENTIFIER = com.svs.WeatherAppTests;
				PRODUCT_NAME = "$(TARGET_NAME)";
				SWIFT_VERSION = 3.0;
				TEST_HOST = "$(BUILT_PRODUCTS_DIR)/WeatherApp.app/WeatherApp";
			};
			name = Debug;
		};
		36F458F41DD1774C00ED93C2 /* Release */ = {
			isa = XCBuildConfiguration;
			buildSettings = {
				ALWAYS_EMBED_SWIFT_STANDARD_LIBRARIES = YES;
				BUNDLE_LOADER = "$(TEST_HOST)";
				INFOPLIST_FILE = WeatherAppTests/Info.plist;
				LD_RUNPATH_SEARCH_PATHS = "$(inherited) @executable_path/Frameworks @loader_path/Frameworks";
				PRODUCT_BUNDLE_IDENTIFIER = com.svs.WeatherAppTests;
				PRODUCT_NAME = "$(TARGET_NAME)";
				SWIFT_VERSION = 3.0;
				TEST_HOST = "$(BUILT_PRODUCTS_DIR)/WeatherApp.app/WeatherApp";
			};
			name = Release;
		};
		36F458F61DD1774C00ED93C2 /* Debug */ = {
			isa = XCBuildConfiguration;
			buildSettings = {
				ALWAYS_EMBED_SWIFT_STANDARD_LIBRARIES = YES;
				INFOPLIST_FILE = WeatherAppUITests/Info.plist;
				LD_RUNPATH_SEARCH_PATHS = "$(inherited) @executable_path/Frameworks @loader_path/Frameworks";
				PRODUCT_BUNDLE_IDENTIFIER = com.svs.WeatherAppUITests;
				PRODUCT_NAME = "$(TARGET_NAME)";
				SWIFT_VERSION = 3.0;
				TEST_TARGET_NAME = WeatherApp;
			};
			name = Debug;
		};
		36F458F71DD1774C00ED93C2 /* Release */ = {
			isa = XCBuildConfiguration;
			buildSettings = {
				ALWAYS_EMBED_SWIFT_STANDARD_LIBRARIES = YES;
				INFOPLIST_FILE = WeatherAppUITests/Info.plist;
				LD_RUNPATH_SEARCH_PATHS = "$(inherited) @executable_path/Frameworks @loader_path/Frameworks";
				PRODUCT_BUNDLE_IDENTIFIER = com.svs.WeatherAppUITests;
				PRODUCT_NAME = "$(TARGET_NAME)";
				SWIFT_VERSION = 3.0;
				TEST_TARGET_NAME = WeatherApp;
			};
			name = Release;
		};
/* End XCBuildConfiguration section */

/* Begin XCConfigurationList section */
		36F458BF1DD1774B00ED93C2 /* Build configuration list for PBXProject "WeatherApp" */ = {
			isa = XCConfigurationList;
			buildConfigurations = (
				36F458ED1DD1774C00ED93C2 /* Debug */,
				36F458EE1DD1774C00ED93C2 /* Release */,
			);
			defaultConfigurationIsVisible = 0;
			defaultConfigurationName = Release;
		};
		36F458EF1DD1774C00ED93C2 /* Build configuration list for PBXNativeTarget "WeatherApp" */ = {
			isa = XCConfigurationList;
			buildConfigurations = (
				36F458F01DD1774C00ED93C2 /* Debug */,
				36F458F11DD1774C00ED93C2 /* Release */,
			);
			defaultConfigurationIsVisible = 0;
			defaultConfigurationName = Release;
		};
		36F458F21DD1774C00ED93C2 /* Build configuration list for PBXNativeTarget "WeatherAppTests" */ = {
			isa = XCConfigurationList;
			buildConfigurations = (
				36F458F31DD1774C00ED93C2 /* Debug */,
				36F458F41DD1774C00ED93C2 /* Release */,
			);
			defaultConfigurationIsVisible = 0;
			defaultConfigurationName = Release;
		};
		36F458F51DD1774C00ED93C2 /* Build configuration list for PBXNativeTarget "WeatherAppUITests" */ = {
			isa = XCConfigurationList;
			buildConfigurations = (
				36F458F61DD1774C00ED93C2 /* Debug */,
				36F458F71DD1774C00ED93C2 /* Release */,
			);
			defaultConfigurationIsVisible = 0;
			defaultConfigurationName = Release;
		};
/* End XCConfigurationList section */

/* Begin XCVersionGroup section */
		36F458CE1DD1774C00ED93C2 /* WeatherApp.xcdatamodeld */ = {
			isa = XCVersionGroup;
			children = (
				36F458CF1DD1774C00ED93C2 /* WeatherApp.xcdatamodel */,
			);
			currentVersion = 36F458CF1DD1774C00ED93C2 /* WeatherApp.xcdatamodel */;
			path = WeatherApp.xcdatamodeld;
			sourceTree = "<group>";
			versionGroupType = wrapper.xcdatamodel;
		};
/* End XCVersionGroup section */
	};
	rootObject = 36F458BC1DD1774B00ED93C2 /* Project object */;
}
